
Microsoft Visual Studio Solution File, Format Version 11.00
# Visual Studio 2010
Project("{FAE04EC0-301F-11D3-BF4B-00C04F79EFBC}") = "PopupMenuDemo", "PopupMenuDemo.csproj", "{66D4DE6D-4B56-4C20-A435-892687B9C26E}"
EndProject
Global
	GlobalSection(SolutionConfigurationPlatforms) = preSolution
		Debug|Any CPU = Debug|Any CPU
		Release|Any CPU = Release|Any CPU
	EndGlobalSection
	GlobalSection(ProjectConfigurationPlatforms) = postSolution
		{66D4DE6D-4B56-4C20-A435-892687B9C26E}.Debug|Any CPU.ActiveCfg = Debug|Any CPU
		{66D4DE6D-4B56-4C20-A435-892687B9C26E}.Debug|Any CPU.Build.0 = Debug|Any CPU
		{66D4DE6D-4B56-4C20-A435-892687B9C26E}.Release|Any CPU.ActiveCfg = Release|Any CPU
		{66D4DE6D-4B56-4C20-A435-892687B9C26E}.Release|Any CPU.Build.0 = Release|Any CPU
	EndGlobalSection
	GlobalSection(MonoDevelopProperties) = preSolution
		StartupItem = PopupMenuDemo.csproj
	EndGlobalSection
EndGlobal
