
Microsoft Visual Studio Solution File, Format Version 12.00
# Visual Studio 2012
Project("{FAE04EC0-301F-11D3-BF4B-00C04F79EFBC}") = "JumpingJack", "JumpingJack\JumpingJack.csproj", "{51B0404B-8C1B-42BA-8940-A8FB74417075}"
EndProject
Global
	GlobalSection(SolutionConfigurationPlatforms) = preSolution
		Debug|Any CPU = Debug|Any CPU
		Release|Any CPU = Release|Any CPU
	EndGlobalSection
	GlobalSection(ProjectConfigurationPlatforms) = postSolution
		{51B0404B-8C1B-42BA-8940-A8FB74417075}.Debug|Any CPU.ActiveCfg = Debug|Any CPU
		{51B0404B-8C1B-42BA-8940-A8FB74417075}.Debug|Any CPU.Build.0 = Debug|Any CPU
		{51B0404B-8C1B-42BA-8940-A8FB74417075}.Release|Any CPU.ActiveCfg = Release|Any CPU
		{51B0404B-8C1B-42BA-8940-A8FB74417075}.Release|Any CPU.Build.0 = Release|Any CPU
	EndGlobalSection
	GlobalSection(MonoDevelopProperties) = preSolution
		StartupItem = JumpingJack\JumpingJack.csproj
	EndGlobalSection
EndGlobal
