
Microsoft Visual Studio Solution File, Format Version 12.00
# Visual Studio 2012
Project("{FAE04EC0-301F-11D3-BF4B-00C04F79EFBC}") = "Quiz", "Quiz\Quiz.csproj", "{45164094-CF2B-42D9-978C-6C88F695A6C1}"
EndProject
Project("{FAE04EC0-301F-11D3-BF4B-00C04F79EFBC}") = "Wearable", "Wearable\Wearable.csproj", "{EFA55CF8-AF67-4D20-B04C-17E7500ADE8A}"
EndProject
Global
	GlobalSection(SolutionConfigurationPlatforms) = preSolution
		Debug|Any CPU = Debug|Any CPU
		Release|Any CPU = Release|Any CPU
	EndGlobalSection
	GlobalSection(ProjectConfigurationPlatforms) = postSolution
		{45164094-CF2B-42D9-978C-6C88F695A6C1}.Debug|Any CPU.ActiveCfg = Debug|Any CPU
		{45164094-CF2B-42D9-978C-6C88F695A6C1}.Debug|Any CPU.Build.0 = Debug|Any CPU
		{45164094-CF2B-42D9-978C-6C88F695A6C1}.Release|Any CPU.ActiveCfg = Release|Any CPU
		{45164094-CF2B-42D9-978C-6C88F695A6C1}.Release|Any CPU.Build.0 = Release|Any CPU
		{EFA55CF8-AF67-4D20-B04C-17E7500ADE8A}.Debug|Any CPU.ActiveCfg = Debug|Any CPU
		{EFA55CF8-AF67-4D20-B04C-17E7500ADE8A}.Debug|Any CPU.Build.0 = Debug|Any CPU
		{EFA55CF8-AF67-4D20-B04C-17E7500ADE8A}.Release|Any CPU.ActiveCfg = Release|Any CPU
		{EFA55CF8-AF67-4D20-B04C-17E7500ADE8A}.Release|Any CPU.Build.0 = Release|Any CPU
	EndGlobalSection
EndGlobal
