
Microsoft Visual Studio Solution File, Format Version 12.00
# Visual Studio 14
VisualStudioVersion = 14.0.24720.0
MinimumVisualStudioVersion = 10.0.40219.1
Project("{FAE04EC0-301F-11D3-BF4B-00C04F79EFBC}") = "SplashScreen", "SplashActivity\SplashScreen.csproj", "{3722C3CB-D51F-4FC6-AA59-9E9CD7929353}"
EndProject
Project("{2150E333-8FDC-42A3-9474-1A3956D46DE8}") = "Solution Items", "Solution Items", "{2BCBD54A-719D-4BF5-B772-3AD0BA8662C9}"
	ProjectSection(SolutionItems) = preProject
		Metadata.xml = Metadata.xml
		README.md = README.md
	EndProjectSection
EndProject
Global
	GlobalSection(SolutionConfigurationPlatforms) = preSolution
		Debug|Any CPU = Debug|Any CPU
		Release|Any CPU = Release|Any CPU
	EndGlobalSection
	GlobalSection(ProjectConfigurationPlatforms) = postSolution
		{3722C3CB-D51F-4FC6-AA59-9E9CD7929353}.Debug|Any CPU.ActiveCfg = Debug|Any CPU
		{3722C3CB-D51F-4FC6-AA59-9E9CD7929353}.Debug|Any CPU.Build.0 = Debug|Any CPU
		{3722C3CB-D51F-4FC6-AA59-9E9CD7929353}.Debug|Any CPU.Deploy.0 = Debug|Any CPU
		{3722C3CB-D51F-4FC6-AA59-9E9CD7929353}.Release|Any CPU.ActiveCfg = Release|Any CPU
		{3722C3CB-D51F-4FC6-AA59-9E9CD7929353}.Release|Any CPU.Build.0 = Release|Any CPU
		{3722C3CB-D51F-4FC6-AA59-9E9CD7929353}.Release|Any CPU.Deploy.0 = Release|Any CPU
	EndGlobalSection
	GlobalSection(SolutionProperties) = preSolution
		HideSolutionNode = FALSE
	EndGlobalSection
	GlobalSection(MonoDevelopProperties) = preSolution
		StartupItem = SplashScreen.csproj
	EndGlobalSection
EndGlobal
