
Microsoft Visual Studio Solution File, Format Version 12.00
# Visual Studio 2013
VisualStudioVersion = 12.0.21005.1
MinimumVisualStudioVersion = 10.0.40219.1
Project("{FAE04EC0-301F-11D3-BF4B-00C04F79EFBC}") = "HelloSwipeViewWithTabs", "HelloSwipeViewWithTabs\HelloSwipeViewWithTabs.csproj", "{21D164FE-4F27-4628-B189-5DC3A194AFCE}"
EndProject
Global
	GlobalSection(SolutionConfigurationPlatforms) = preSolution
		Debug|Any CPU = Debug|Any CPU
		Release|Any CPU = Release|Any CPU
	EndGlobalSection
	GlobalSection(ProjectConfigurationPlatforms) = postSolution
		{21D164FE-4F27-4628-B189-5DC3A194AFCE}.Debug|Any CPU.ActiveCfg = Debug|Any CPU
		{21D164FE-4F27-4628-B189-5DC3A194AFCE}.Debug|Any CPU.Build.0 = Debug|Any CPU
		{21D164FE-4F27-4628-B189-5DC3A194AFCE}.Debug|Any CPU.Deploy.0 = Debug|Any CPU
		{21D164FE-4F27-4628-B189-5DC3A194AFCE}.Release|Any CPU.ActiveCfg = Release|Any CPU
		{21D164FE-4F27-4628-B189-5DC3A194AFCE}.Release|Any CPU.Build.0 = Release|Any CPU
		{21D164FE-4F27-4628-B189-5DC3A194AFCE}.Release|Any CPU.Deploy.0 = Release|Any CPU
	EndGlobalSection
	GlobalSection(SolutionProperties) = preSolution
		HideSolutionNode = FALSE
	EndGlobalSection
EndGlobal
