
Microsoft Visual Studio Solution File, Format Version 12.00
# Visual Studio 2012
Project("{FAE04EC0-301F-11D3-BF4B-00C04F79EFBC}") = "TextToSpeech", "TextToSpeech\TextToSpeech.csproj", "{9DCA0C6E-14EC-4BC3-97DE-67C744799675}"
EndProject
Global
	GlobalSection(SolutionConfigurationPlatforms) = preSolution
		Debug|Any CPU = Debug|Any CPU
		Release|Any CPU = Release|Any CPU
	EndGlobalSection
	GlobalSection(ProjectConfigurationPlatforms) = postSolution
		{9DCA0C6E-14EC-4BC3-97DE-67C744799675}.Debug|Any CPU.ActiveCfg = Debug|Any CPU
		{9DCA0C6E-14EC-4BC3-97DE-67C744799675}.Debug|Any CPU.Build.0 = Debug|Any CPU
		{9DCA0C6E-14EC-4BC3-97DE-67C744799675}.Release|Any CPU.ActiveCfg = Release|Any CPU
		{9DCA0C6E-14EC-4BC3-97DE-67C744799675}.Release|Any CPU.Build.0 = Release|Any CPU
	EndGlobalSection
	GlobalSection(MonoDevelopProperties) = preSolution
		StartupItem = TextToSpeech\TextToSpeech.csproj
	EndGlobalSection
EndGlobal
