
Microsoft Visual Studio Solution File, Format Version 12.00
# Visual Studio 2012
Project("{FAE04EC0-301F-11D3-BF4B-00C04F79EFBC}") = "ActionBarTabs", "ActionBarTabs\ActionBarTabs.csproj", "{B82B5BEB-AC9C-4FDA-A2B1-05CB24405C6E}"
EndProject
Project("{FAE04EC0-301F-11D3-BF4B-00C04F79EFBC}") = "ActionBarTabsSupport", "ActionBarTabsSupport\ActionBarTabsSupport.csproj", "{1646A4B0-CC69-445A-957A-728F3EFCC08C}"
EndProject
Global
	GlobalSection(SolutionConfigurationPlatforms) = preSolution
		Debug|Any CPU = Debug|Any CPU
		Release|Any CPU = Release|Any CPU
	EndGlobalSection
	GlobalSection(ProjectConfigurationPlatforms) = postSolution
		{1646A4B0-CC69-445A-957A-728F3EFCC08C}.Debug|Any CPU.ActiveCfg = Debug|Any CPU
		{1646A4B0-CC69-445A-957A-728F3EFCC08C}.Debug|Any CPU.Build.0 = Debug|Any CPU
		{1646A4B0-CC69-445A-957A-728F3EFCC08C}.Debug|Any CPU.Deploy.0 = Debug|Any CPU
		{1646A4B0-CC69-445A-957A-728F3EFCC08C}.Release|Any CPU.ActiveCfg = Release|Any CPU
		{1646A4B0-CC69-445A-957A-728F3EFCC08C}.Release|Any CPU.Build.0 = Release|Any CPU
		{1646A4B0-CC69-445A-957A-728F3EFCC08C}.Release|Any CPU.Deploy.0 = Release|Any CPU
		{B82B5BEB-AC9C-4FDA-A2B1-05CB24405C6E}.Debug|Any CPU.ActiveCfg = Debug|Any CPU
		{B82B5BEB-AC9C-4FDA-A2B1-05CB24405C6E}.Debug|Any CPU.Build.0 = Debug|Any CPU
		{B82B5BEB-AC9C-4FDA-A2B1-05CB24405C6E}.Debug|Any CPU.Deploy.0 = Debug|Any CPU
		{B82B5BEB-AC9C-4FDA-A2B1-05CB24405C6E}.Release|Any CPU.ActiveCfg = Release|Any CPU
		{B82B5BEB-AC9C-4FDA-A2B1-05CB24405C6E}.Release|Any CPU.Build.0 = Release|Any CPU
		{B82B5BEB-AC9C-4FDA-A2B1-05CB24405C6E}.Release|Any CPU.Deploy.0 = Release|Any CPU
	EndGlobalSection
	GlobalSection(MonoDevelopProperties) = preSolution
		StartupItem = ActionBarTabsSupport\ActionBarTabsSupport.csproj
	EndGlobalSection
	GlobalSection(SolutionProperties) = preSolution
		HideSolutionNode = FALSE
	EndGlobalSection
EndGlobal
