
Microsoft Visual Studio Solution File, Format Version 11.00
# Visual Studio 2010
Project("{FAE04EC0-301F-11D3-BF4B-00C04F79EFBC}") = "BasicMediaRouter", "BasicMediaRouter.csproj", "{ABE6CAA3-B6A9-4907-9049-05CE79D8630C}"
EndProject
Global
	GlobalSection(SolutionConfigurationPlatforms) = preSolution
		Debug|Any CPU = Debug|Any CPU
		Release|Any CPU = Release|Any CPU
	EndGlobalSection
	GlobalSection(ProjectConfigurationPlatforms) = postSolution
		{ABE6CAA3-B6A9-4907-9049-05CE79D8630C}.Debug|Any CPU.ActiveCfg = Debug|Any CPU
		{ABE6CAA3-B6A9-4907-9049-05CE79D8630C}.Debug|Any CPU.Build.0 = Debug|Any CPU
		{ABE6CAA3-B6A9-4907-9049-05CE79D8630C}.Release|Any CPU.ActiveCfg = Release|Any CPU
		{ABE6CAA3-B6A9-4907-9049-05CE79D8630C}.Release|Any CPU.Build.0 = Release|Any CPU
	EndGlobalSection
	GlobalSection(MonoDevelopProperties) = preSolution
		StartupItem = BasicMediaRouter.csproj
	EndGlobalSection
EndGlobal
