
Microsoft Visual Studio Solution File, Format Version 11.00
# Visual Studio 2010
Project("{FAE04EC0-301F-11D3-BF4B-00C04F79EFBC}") = "GLNativeES30", "GLNativeES30.csproj", "{F2AB5E1D-F6AB-46F8-B83B-6B0F4F06BA19}"
EndProject
Global
	GlobalSection(SolutionConfigurationPlatforms) = preSolution
		Debug|Any CPU = Debug|Any CPU
		Release|Any CPU = Release|Any CPU
	EndGlobalSection
	GlobalSection(ProjectConfigurationPlatforms) = postSolution
		{F2AB5E1D-F6AB-46F8-B83B-6B0F4F06BA19}.Debug|Any CPU.ActiveCfg = Debug|Any CPU
		{F2AB5E1D-F6AB-46F8-B83B-6B0F4F06BA19}.Debug|Any CPU.Build.0 = Debug|Any CPU
		{F2AB5E1D-F6AB-46F8-B83B-6B0F4F06BA19}.Release|Any CPU.ActiveCfg = Release|Any CPU
		{F2AB5E1D-F6AB-46F8-B83B-6B0F4F06BA19}.Release|Any CPU.Build.0 = Release|Any CPU
	EndGlobalSection
	GlobalSection(MonoDevelopProperties) = preSolution
		StartupItem = GLNativeES30.csproj
	EndGlobalSection
EndGlobal
