
Microsoft Visual Studio Solution File, Format Version 11.00
# Visual Studio 2010
Project("{FAE04EC0-301F-11D3-BF4B-00C04F79EFBC}") = "GLNativeES30", "GLNativeES30.csproj", "{4F01A736-2369-4C6C-9409-04E2D6199181}"
EndProject
Global
	GlobalSection(SolutionConfigurationPlatforms) = preSolution
		Debug|Any CPU = Debug|Any CPU
		Release|Any CPU = Release|Any CPU
	EndGlobalSection
	GlobalSection(ProjectConfigurationPlatforms) = postSolution
		{4F01A736-2369-4C6C-9409-04E2D6199181}.Debug|Any CPU.ActiveCfg = Debug|Any CPU
		{4F01A736-2369-4C6C-9409-04E2D6199181}.Debug|Any CPU.Build.0 = Debug|Any CPU
		{4F01A736-2369-4C6C-9409-04E2D6199181}.Release|Any CPU.ActiveCfg = Release|Any CPU
		{4F01A736-2369-4C6C-9409-04E2D6199181}.Release|Any CPU.Build.0 = Release|Any CPU
	EndGlobalSection
	GlobalSection(MonoDevelopProperties) = preSolution
		StartupItem = GLNativeES30.csproj
	EndGlobalSection
EndGlobal
