
Microsoft Visual Studio Solution File, Format Version 11.00
# Visual Studio 2010
Project("{FAE04EC0-301F-11D3-BF4B-00C04F79EFBC}") = "AppRestrictions", "AppRestrictions.csproj", "{6762E9D8-DDEC-4D81-BF13-6549BA8C588D}"
EndProject
Global
	GlobalSection(SolutionConfigurationPlatforms) = preSolution
		Debug|Any CPU = Debug|Any CPU
		Release|Any CPU = Release|Any CPU
	EndGlobalSection
	GlobalSection(ProjectConfigurationPlatforms) = postSolution
		{6762E9D8-DDEC-4D81-BF13-6549BA8C588D}.Debug|Any CPU.ActiveCfg = Debug|Any CPU
		{6762E9D8-DDEC-4D81-BF13-6549BA8C588D}.Debug|Any CPU.Build.0 = Debug|Any CPU
		{6762E9D8-DDEC-4D81-BF13-6549BA8C588D}.Release|Any CPU.ActiveCfg = Release|Any CPU
		{6762E9D8-DDEC-4D81-BF13-6549BA8C588D}.Release|Any CPU.Build.0 = Release|Any CPU
	EndGlobalSection
	GlobalSection(MonoDevelopProperties) = preSolution
		StartupItem = AppRestrictions.csproj
	EndGlobalSection
EndGlobal
