
Microsoft Visual Studio Solution File, Format Version 12.00
# Visual Studio 2012
Project("{FAE04EC0-301F-11D3-BF4B-00C04F79EFBC}") = "Analytics", "Analytics\Analytics.csproj", "{3358B1DB-0565-42E0-ABB1-CB18A9DA6C17}"
EndProject
Global
	GlobalSection(SolutionConfigurationPlatforms) = preSolution
		Debug|Any CPU = Debug|Any CPU
		Release|Any CPU = Release|Any CPU
	EndGlobalSection
	GlobalSection(ProjectConfigurationPlatforms) = postSolution
		{3358B1DB-0565-42E0-ABB1-CB18A9DA6C17}.Debug|Any CPU.ActiveCfg = Debug|Any CPU
		{3358B1DB-0565-42E0-ABB1-CB18A9DA6C17}.Debug|Any CPU.Build.0 = Debug|Any CPU
		{3358B1DB-0565-42E0-ABB1-CB18A9DA6C17}.Release|Any CPU.ActiveCfg = Release|Any CPU
		{3358B1DB-0565-42E0-ABB1-CB18A9DA6C17}.Release|Any CPU.Build.0 = Release|Any CPU
	EndGlobalSection
EndGlobal
