
Microsoft Visual Studio Solution File, Format Version 12.00
# Visual Studio 2012
Project("{FAE04EC0-301F-11D3-BF4B-00C04F79EFBC}") = "LocationUpdatesForegroundService", "LocationUpdatesForegroundService\LocationUpdatesForegroundService.csproj", "{8F28BD24-4751-4B87-A416-75C3BFC5D268}"
EndProject
Global
	GlobalSection(SolutionConfigurationPlatforms) = preSolution
		Debug|Any CPU = Debug|Any CPU
		Release|Any CPU = Release|Any CPU
	EndGlobalSection
	GlobalSection(ProjectConfigurationPlatforms) = postSolution
		{8F28BD24-4751-4B87-A416-75C3BFC5D268}.Debug|Any CPU.ActiveCfg = Debug|Any CPU
		{8F28BD24-4751-4B87-A416-75C3BFC5D268}.Debug|Any CPU.Build.0 = Debug|Any CPU
		{8F28BD24-4751-4B87-A416-75C3BFC5D268}.Release|Any CPU.ActiveCfg = Release|Any CPU
		{8F28BD24-4751-4B87-A416-75C3BFC5D268}.Release|Any CPU.Build.0 = Release|Any CPU
	EndGlobalSection
EndGlobal
