
Microsoft Visual Studio Solution File, Format Version 12.00
# Visual Studio 2012
Project("{FAE04EC0-301F-11D3-BF4B-00C04F79EFBC}") = "GLSharedContext20", "GLSharedContext20.csproj", "{13576D5C-EFE6-4761-BA4F-A982349B80F3}"
EndProject
Global
	GlobalSection(SolutionConfigurationPlatforms) = preSolution
		Debug|Any CPU = Debug|Any CPU
		Release|Any CPU = Release|Any CPU
	EndGlobalSection
	GlobalSection(ProjectConfigurationPlatforms) = postSolution
		{13576D5C-EFE6-4761-BA4F-A982349B80F3}.Debug|Any CPU.ActiveCfg = Debug|Any CPU
		{13576D5C-EFE6-4761-BA4F-A982349B80F3}.Debug|Any CPU.Build.0 = Debug|Any CPU
		{13576D5C-EFE6-4761-BA4F-A982349B80F3}.Release|Any CPU.ActiveCfg = Release|Any CPU
		{13576D5C-EFE6-4761-BA4F-A982349B80F3}.Release|Any CPU.Build.0 = Release|Any CPU
	EndGlobalSection
	GlobalSection(MonoDevelopProperties) = preSolution
		StartupItem = GLSharedContext20.csproj
	EndGlobalSection
EndGlobal
