
Microsoft Visual Studio Solution File, Format Version 12.00
# Visual Studio 2012
Project("{FAE04EC0-301F-11D3-BF4B-00C04F79EFBC}") = "LocationSettings", "LocationSettings\LocationSettings.csproj", "{78F93E64-5DB0-4661-A3C0-BED9A87F9C03}"
EndProject
Project("{FAE04EC0-301F-11D3-BF4B-00C04F79EFBC}") = "LocationSettings.UITests", "LocationSettings.UITests\LocationSettings.UITests.csproj", "{38C604F1-6673-4858-ABF2-BDE351E23D2B}"
EndProject
Global
	GlobalSection(SolutionConfigurationPlatforms) = preSolution
		Debug|Any CPU = Debug|Any CPU
		Release|Any CPU = Release|Any CPU
	EndGlobalSection
	GlobalSection(ProjectConfigurationPlatforms) = postSolution
		{38C604F1-6673-4858-ABF2-BDE351E23D2B}.Debug|Any CPU.ActiveCfg = Debug|Any CPU
		{38C604F1-6673-4858-ABF2-BDE351E23D2B}.Debug|Any CPU.Build.0 = Debug|Any CPU
		{38C604F1-6673-4858-ABF2-BDE351E23D2B}.Release|Any CPU.ActiveCfg = Release|Any CPU
		{38C604F1-6673-4858-ABF2-BDE351E23D2B}.Release|Any CPU.Build.0 = Release|Any CPU
		{78F93E64-5DB0-4661-A3C0-BED9A87F9C03}.Debug|Any CPU.ActiveCfg = Debug|Any CPU
		{78F93E64-5DB0-4661-A3C0-BED9A87F9C03}.Debug|Any CPU.Build.0 = Debug|Any CPU
		{78F93E64-5DB0-4661-A3C0-BED9A87F9C03}.Release|Any CPU.ActiveCfg = Release|Any CPU
		{78F93E64-5DB0-4661-A3C0-BED9A87F9C03}.Release|Any CPU.Build.0 = Release|Any CPU
	EndGlobalSection
EndGlobal
