
Microsoft Visual Studio Solution File, Format Version 11.00
# Visual Studio 2012
Project("{FAE04EC0-301F-11D3-BF4B-00C04F79EFBC}") = "NavigationDrawer", "NavigationDrawer\NavigationDrawer.csproj", "{856D6370-A907-4989-9DD1-8D28F2F5B4AD}"
EndProject
Global
	GlobalSection(SolutionConfigurationPlatforms) = preSolution
		Debug|Any CPU = Debug|Any CPU
		Release|Any CPU = Release|Any CPU
	EndGlobalSection
	GlobalSection(ProjectConfigurationPlatforms) = postSolution
		{856D6370-A907-4989-9DD1-8D28F2F5B4AD}.Debug|Any CPU.ActiveCfg = Debug|Any CPU
		{856D6370-A907-4989-9DD1-8D28F2F5B4AD}.Debug|Any CPU.Build.0 = Debug|Any CPU
		{856D6370-A907-4989-9DD1-8D28F2F5B4AD}.Release|Any CPU.ActiveCfg = Release|Any CPU
		{856D6370-A907-4989-9DD1-8D28F2F5B4AD}.Release|Any CPU.Build.0 = Release|Any CPU
	EndGlobalSection
	GlobalSection(MonoDevelopProperties) = preSolution
		StartupItem = NavigationDrawer\NavigationDrawer.csproj
	EndGlobalSection
EndGlobal
