
Microsoft Visual Studio Solution File, Format Version 12.00
# Visual Studio 15
VisualStudioVersion = 15.0.27703.2026
MinimumVisualStudioVersion = 10.0.40219.1
Project("{FAE04EC0-301F-11D3-BF4B-00C04F79EFBC}") = "LocalFiles.Native", "LocalFiles\LocalFiles.Native.csproj", "{774A62CD-054B-4952-90F9-ABBB4B31ADC5}"
EndProject
Project("{2150E333-8FDC-42A3-9474-1A3956D46DE8}") = "Solution Items", "Solution Items", "{F282A4E8-932B-4C17-8750-0B427998428F}"
	ProjectSection(SolutionItems) = preProject
		Metadata.xml = Metadata.xml
		README.md = README.md
	EndProjectSection
EndProject
Global
	GlobalSection(SolutionConfigurationPlatforms) = preSolution
		Debug|Any CPU = Debug|Any CPU
		Release|Any CPU = Release|Any CPU
	EndGlobalSection
	GlobalSection(ProjectConfigurationPlatforms) = postSolution
		{774A62CD-054B-4952-90F9-ABBB4B31ADC5}.Debug|Any CPU.ActiveCfg = Debug|Any CPU
		{774A62CD-054B-4952-90F9-ABBB4B31ADC5}.Debug|Any CPU.Build.0 = Debug|Any CPU
		{774A62CD-054B-4952-90F9-ABBB4B31ADC5}.Debug|Any CPU.Deploy.0 = Debug|Any CPU
		{774A62CD-054B-4952-90F9-ABBB4B31ADC5}.Release|Any CPU.ActiveCfg = Release|Any CPU
		{774A62CD-054B-4952-90F9-ABBB4B31ADC5}.Release|Any CPU.Build.0 = Release|Any CPU
		{774A62CD-054B-4952-90F9-ABBB4B31ADC5}.Release|Any CPU.Deploy.0 = Release|Any CPU
	EndGlobalSection
	GlobalSection(SolutionProperties) = preSolution
		HideSolutionNode = FALSE
	EndGlobalSection
	GlobalSection(ExtensibilityGlobals) = postSolution
		SolutionGuid = {F2B2EE53-3E4B-44E5-AFBB-DE8836BD18E1}
	EndGlobalSection
EndGlobal
