
Microsoft Visual Studio Solution File, Format Version 12.00
# Visual Studio 15
VisualStudioVersion = 15.0.27604.0
MinimumVisualStudioVersion = 10.0.40219.1
Project("{FAE04EC0-301F-11D3-BF4B-00C04F79EFBC}") = "FragmentSample", "FragmentsSample\FragmentSample.csproj", "{3A69C832-DF3B-4DE5-98DD-14111E3FE34E}"
EndProject
Global
	GlobalSection(SolutionConfigurationPlatforms) = preSolution
		Debug|Any CPU = Debug|Any CPU
		Release|Any CPU = Release|Any CPU
	EndGlobalSection
	GlobalSection(ProjectConfigurationPlatforms) = postSolution
		{3A69C832-DF3B-4DE5-98DD-14111E3FE34E}.Debug|Any CPU.ActiveCfg = Debug|Any CPU
		{3A69C832-DF3B-4DE5-98DD-14111E3FE34E}.Debug|Any CPU.Build.0 = Debug|Any CPU
		{3A69C832-DF3B-4DE5-98DD-14111E3FE34E}.Debug|Any CPU.Deploy.0 = Debug|Any CPU
		{3A69C832-DF3B-4DE5-98DD-14111E3FE34E}.Release|Any CPU.ActiveCfg = Release|Any CPU
		{3A69C832-DF3B-4DE5-98DD-14111E3FE34E}.Release|Any CPU.Build.0 = Release|Any CPU
		{3A69C832-DF3B-4DE5-98DD-14111E3FE34E}.Release|Any CPU.Deploy.0 = Release|Any CPU
	EndGlobalSection
	GlobalSection(SolutionProperties) = preSolution
		HideSolutionNode = FALSE
	EndGlobalSection
	GlobalSection(ExtensibilityGlobals) = postSolution
		SolutionGuid = {2443B3E6-7C8E-4D61-BD5B-286BD0EA3D25}
	EndGlobalSection
EndGlobal
