
Microsoft Visual Studio Solution File, Format Version 12.00
# Visual Studio 14
VisualStudioVersion = 14.0.25420.1
MinimumVisualStudioVersion = 10.0.40219.1
Project("{FAE04EC0-301F-11D3-BF4B-00C04F79EFBC}") = "LeaderboardsAndAchievementsDemo", "LeaderboardsAndAchievementsDemo.csproj", "{1443B1C9-4331-4506-A1EE-D015E3906F7D}"
EndProject
Global
	GlobalSection(SolutionConfigurationPlatforms) = preSolution
		Debug|Any CPU = Debug|Any CPU
		Release|Any CPU = Release|Any CPU
	EndGlobalSection
	GlobalSection(ProjectConfigurationPlatforms) = postSolution
		{1443B1C9-4331-4506-A1EE-D015E3906F7D}.Debug|Any CPU.ActiveCfg = Debug|Any CPU
		{1443B1C9-4331-4506-A1EE-D015E3906F7D}.Debug|Any CPU.Build.0 = Debug|Any CPU
		{1443B1C9-4331-4506-A1EE-D015E3906F7D}.Debug|Any CPU.Deploy.0 = Debug|Any CPU
		{1443B1C9-4331-4506-A1EE-D015E3906F7D}.Release|Any CPU.ActiveCfg = Release|Any CPU
		{1443B1C9-4331-4506-A1EE-D015E3906F7D}.Release|Any CPU.Build.0 = Release|Any CPU
	EndGlobalSection
	GlobalSection(SolutionProperties) = preSolution
		HideSolutionNode = FALSE
	EndGlobalSection
	GlobalSection(MonoDevelopProperties) = preSolution
		StartupItem = LeaderboardsAndAchievementsDemo.csproj
	EndGlobalSection
EndGlobal
