
Microsoft Visual Studio Solution File, Format Version 12.00
# Visual Studio 15
VisualStudioVersion = 15.0.27703.2000
MinimumVisualStudioVersion = 10.0.40219.1
Project("{FAE04EC0-301F-11D3-BF4B-00C04F79EFBC}") = "SimpleMapDemo", "SimpleMapDemo\SimpleMapDemo.csproj", "{9999E674-10DA-49B2-91B3-D861F058939F}"
EndProject
Project("{2150E333-8FDC-42A3-9474-1A3956D46DE8}") = "Solution Items", "Solution Items", "{7448A0A5-559A-4889-BF89-7A4045ABCD0B}"
	ProjectSection(SolutionItems) = preProject
		metadata.xml = metadata.xml
		README.md = README.md
	EndProjectSection
EndProject
Global
	GlobalSection(SolutionConfigurationPlatforms) = preSolution
		Debug|Any CPU = Debug|Any CPU
		Release|Any CPU = Release|Any CPU
	EndGlobalSection
	GlobalSection(ProjectConfigurationPlatforms) = postSolution
		{9999E674-10DA-49B2-91B3-D861F058939F}.Debug|Any CPU.ActiveCfg = Debug|Any CPU
		{9999E674-10DA-49B2-91B3-D861F058939F}.Debug|Any CPU.Build.0 = Debug|Any CPU
		{9999E674-10DA-49B2-91B3-D861F058939F}.Debug|Any CPU.Deploy.0 = Debug|Any CPU
		{9999E674-10DA-49B2-91B3-D861F058939F}.Release|Any CPU.ActiveCfg = Release|Any CPU
		{9999E674-10DA-49B2-91B3-D861F058939F}.Release|Any CPU.Build.0 = Release|Any CPU
		{9999E674-10DA-49B2-91B3-D861F058939F}.Release|Any CPU.Deploy.0 = Release|Any CPU
	EndGlobalSection
	GlobalSection(SolutionProperties) = preSolution
		HideSolutionNode = FALSE
	EndGlobalSection
	GlobalSection(ExtensibilityGlobals) = postSolution
		SolutionGuid = {105BA552-482C-4EE7-850D-92160EA12016}
	EndGlobalSection
EndGlobal
