
Microsoft Visual Studio Solution File, Format Version 12.00
# Visual Studio 15
VisualStudioVersion = 15.0.26403.7
MinimumVisualStudioVersion = 10.0.40219.1
Project("{FAE04EC0-301F-11D3-BF4B-00C04F79EFBC}") = "Phoneword", "Phoneword\Phoneword.csproj", "{FC0D8857-179C-430E-8D60-ED194FF75094}"
EndProject
Global
	GlobalSection(SolutionConfigurationPlatforms) = preSolution
		Debug|Any CPU = Debug|Any CPU
		Release|Any CPU = Release|Any CPU
	EndGlobalSection
	GlobalSection(ProjectConfigurationPlatforms) = postSolution
		{FC0D8857-179C-430E-8D60-ED194FF75094}.Debug|Any CPU.ActiveCfg = Debug|Any CPU
		{FC0D8857-179C-430E-8D60-ED194FF75094}.Debug|Any CPU.Build.0 = Debug|Any CPU
		{FC0D8857-179C-430E-8D60-ED194FF75094}.Debug|Any CPU.Deploy.0 = Debug|Any CPU
		{FC0D8857-179C-430E-8D60-ED194FF75094}.Release|Any CPU.ActiveCfg = Release|Any CPU
		{FC0D8857-179C-430E-8D60-ED194FF75094}.Release|Any CPU.Build.0 = Release|Any CPU
	EndGlobalSection
	GlobalSection(SolutionProperties) = preSolution
		HideSolutionNode = FALSE
	EndGlobalSection
EndGlobal
