
Microsoft Visual Studio Solution File, Format Version 12.00
# Visual Studio 2012
Project("{FAE04EC0-301F-11D3-BF4B-00C04F79EFBC}") = "ConfirmCredential", "ConfirmCredential.csproj", "{7DFFBFA4-EEB9-423E-9290-7F361017ACC6}"
EndProject
Global
	GlobalSection(SolutionConfigurationPlatforms) = preSolution
		Debug|Any CPU = Debug|Any CPU
		Release|Any CPU = Release|Any CPU
	EndGlobalSection
	GlobalSection(ProjectConfigurationPlatforms) = postSolution
		{7DFFBFA4-EEB9-423E-9290-7F361017ACC6}.Debug|Any CPU.ActiveCfg = Debug|Any CPU
		{7DFFBFA4-EEB9-423E-9290-7F361017ACC6}.Debug|Any CPU.Build.0 = Debug|Any CPU
		{7DFFBFA4-EEB9-423E-9290-7F361017ACC6}.Release|Any CPU.ActiveCfg = Release|Any CPU
		{7DFFBFA4-EEB9-423E-9290-7F361017ACC6}.Release|Any CPU.Build.0 = Release|Any CPU
	EndGlobalSection
EndGlobal
