
Microsoft Visual Studio Solution File, Format Version 11.00
# Visual Studio 2010
Project("{FAE04EC0-301F-11D3-BF4B-00C04F79EFBC}") = "Snake", "Snake.csproj", "{E20A7A58-7670-4C81-A288-BB2D454C1885}"
EndProject
Global
	GlobalSection(SolutionConfigurationPlatforms) = preSolution
		Debug|Any CPU = Debug|Any CPU
		Release|Any CPU = Release|Any CPU
	EndGlobalSection
	GlobalSection(ProjectConfigurationPlatforms) = postSolution
		{E20A7A58-7670-4C81-A288-BB2D454C1885}.Debug|Any CPU.ActiveCfg = Debug|Any CPU
		{E20A7A58-7670-4C81-A288-BB2D454C1885}.Debug|Any CPU.Build.0 = Debug|Any CPU
		{E20A7A58-7670-4C81-A288-BB2D454C1885}.Debug|Any CPU.Deploy.0 = Debug|Any CPU
		{E20A7A58-7670-4C81-A288-BB2D454C1885}.Release|Any CPU.ActiveCfg = Release|Any CPU
		{E20A7A58-7670-4C81-A288-BB2D454C1885}.Release|Any CPU.Build.0 = Release|Any CPU
		{E20A7A58-7670-4C81-A288-BB2D454C1885}.Release|Any CPU.Deploy.0 = Release|Any CPU
	EndGlobalSection
	GlobalSection(SolutionProperties) = preSolution
		HideSolutionNode = FALSE
	EndGlobalSection
EndGlobal
