
Microsoft Visual Studio Solution File, Format Version 11.00
# Visual Studio 2010
Project("{FAE04EC0-301F-11D3-BF4B-00C04F79EFBC}") = "AndroidSupportSample", "AndroidSupportSample\AndroidSupportSample.csproj", "{89F29C9E-B906-41B1-9D39-4DE184029DCC}"
EndProject
Global
	GlobalSection(SolutionConfigurationPlatforms) = preSolution
		Debug|Any CPU = Debug|Any CPU
		Release|Any CPU = Release|Any CPU
	EndGlobalSection
	GlobalSection(ProjectConfigurationPlatforms) = postSolution
		{89F29C9E-B906-41B1-9D39-4DE184029DCC}.Debug|Any CPU.ActiveCfg = Debug|Any CPU
		{89F29C9E-B906-41B1-9D39-4DE184029DCC}.Debug|Any CPU.Build.0 = Debug|Any CPU
		{89F29C9E-B906-41B1-9D39-4DE184029DCC}.Release|Any CPU.ActiveCfg = Release|Any CPU
		{89F29C9E-B906-41B1-9D39-4DE184029DCC}.Release|Any CPU.Build.0 = Release|Any CPU
		{B4ED245B-BBD8-4549-9990-476A36AAD381}.Debug|Any CPU.ActiveCfg = Debug|Any CPU
		{B4ED245B-BBD8-4549-9990-476A36AAD381}.Debug|Any CPU.Build.0 = Debug|Any CPU
		{B4ED245B-BBD8-4549-9990-476A36AAD381}.Release|Any CPU.ActiveCfg = Release|Any CPU
		{B4ED245B-BBD8-4549-9990-476A36AAD381}.Release|Any CPU.Build.0 = Release|Any CPU
		{BCE98C50-BDB6-49C4-AFB4-78EB1357A3F2}.Debug|Any CPU.ActiveCfg = Debug|Any CPU
		{BCE98C50-BDB6-49C4-AFB4-78EB1357A3F2}.Debug|Any CPU.Build.0 = Debug|Any CPU
		{BCE98C50-BDB6-49C4-AFB4-78EB1357A3F2}.Release|Any CPU.ActiveCfg = Release|Any CPU
		{BCE98C50-BDB6-49C4-AFB4-78EB1357A3F2}.Release|Any CPU.Build.0 = Release|Any CPU
	EndGlobalSection
	GlobalSection(MonoDevelopProperties) = preSolution
		StartupItem = AndroidSupportSample\AndroidSupportSample.csproj
	EndGlobalSection
EndGlobal
