
Microsoft Visual Studio Solution File, Format Version 11.00
# Visual Studio 2010
Project("{FAE04EC0-301F-11D3-BF4B-00C04F79EFBC}") = "JetBoy", "JetBoy.csproj", "{CC8FA3B3-FEBB-43DA-AF30-4473E1F9173D}"
EndProject
Global
	GlobalSection(SolutionConfigurationPlatforms) = preSolution
		Debug|Any CPU = Debug|Any CPU
		Release|Any CPU = Release|Any CPU
	EndGlobalSection
	GlobalSection(ProjectConfigurationPlatforms) = postSolution
		{CC8FA3B3-FEBB-43DA-AF30-4473E1F9173D}.Debug|Any CPU.ActiveCfg = Debug|Any CPU
		{CC8FA3B3-FEBB-43DA-AF30-4473E1F9173D}.Debug|Any CPU.Build.0 = Debug|Any CPU
		{CC8FA3B3-FEBB-43DA-AF30-4473E1F9173D}.Debug|Any CPU.Deploy.0 = Debug|Any CPU
		{CC8FA3B3-FEBB-43DA-AF30-4473E1F9173D}.Release|Any CPU.ActiveCfg = Release|Any CPU
		{CC8FA3B3-FEBB-43DA-AF30-4473E1F9173D}.Release|Any CPU.Build.0 = Release|Any CPU
		{CC8FA3B3-FEBB-43DA-AF30-4473E1F9173D}.Release|Any CPU.Deploy.0 = Release|Any CPU
	EndGlobalSection
	GlobalSection(SolutionProperties) = preSolution
		HideSolutionNode = FALSE
	EndGlobalSection
EndGlobal
