
Microsoft Visual Studio Solution File, Format Version 12.00
# Visual Studio 2012
Project("{FAE04EC0-301F-11D3-BF4B-00C04F79EFBC}") = "WalkingGame.Android", "WalkingGame.Android\WalkingGame.Android.csproj", "{F4E508E3-A9D0-4B96-90C4-9FF55C58E93E}"
EndProject
Project("{FAE04EC0-301F-11D3-BF4B-00C04F79EFBC}") = "WalkingGame", "WalkingGame\WalkingGame.csproj", "{DD6F97D9-5A2C-4501-ABF2-2DAB690F303D}"
EndProject
Global
	GlobalSection(SolutionConfigurationPlatforms) = preSolution
		Debug|Any CPU = Debug|Any CPU
		Release|Any CPU = Release|Any CPU
	EndGlobalSection
	GlobalSection(ProjectConfigurationPlatforms) = postSolution
		{DD6F97D9-5A2C-4501-ABF2-2DAB690F303D}.Debug|Any CPU.ActiveCfg = Debug|Any CPU
		{DD6F97D9-5A2C-4501-ABF2-2DAB690F303D}.Debug|Any CPU.Build.0 = Debug|Any CPU
		{DD6F97D9-5A2C-4501-ABF2-2DAB690F303D}.Release|Any CPU.ActiveCfg = Release|Any CPU
		{DD6F97D9-5A2C-4501-ABF2-2DAB690F303D}.Release|Any CPU.Build.0 = Release|Any CPU
		{F4E508E3-A9D0-4B96-90C4-9FF55C58E93E}.Debug|Any CPU.ActiveCfg = Debug|Any CPU
		{F4E508E3-A9D0-4B96-90C4-9FF55C58E93E}.Debug|Any CPU.Build.0 = Debug|Any CPU
		{F4E508E3-A9D0-4B96-90C4-9FF55C58E93E}.Release|Any CPU.ActiveCfg = Release|Any CPU
		{F4E508E3-A9D0-4B96-90C4-9FF55C58E93E}.Release|Any CPU.Build.0 = Release|Any CPU
	EndGlobalSection
EndGlobal
