
Microsoft Visual Studio Solution File, Format Version 12.00
# Visual Studio 15
VisualStudioVersion = 15.0.27703.2047
MinimumVisualStudioVersion = 10.0.40219.1
Project("{FAE04EC0-301F-11D3-BF4B-00C04F79EFBC}") = "Notifications.Android", "Notifications.Android\Notifications.Android.csproj", "{EC6A0616-67F3-46DC-817B-01B9866D283C}"
EndProject
Global
	GlobalSection(SolutionConfigurationPlatforms) = preSolution
		Debug|Any CPU = Debug|Any CPU
		Debug|Mixed Platforms = Debug|Mixed Platforms
		Release|Any CPU = Release|Any CPU
		Release|Mixed Platforms = Release|Mixed Platforms
	EndGlobalSection
	GlobalSection(ProjectConfigurationPlatforms) = postSolution
		{EC6A0616-67F3-46DC-817B-01B9866D283C}.Debug|Any CPU.ActiveCfg = Debug|Any CPU
		{EC6A0616-67F3-46DC-817B-01B9866D283C}.Debug|Any CPU.Build.0 = Debug|Any CPU
		{EC6A0616-67F3-46DC-817B-01B9866D283C}.Debug|Any CPU.Deploy.0 = Debug|Any CPU
		{EC6A0616-67F3-46DC-817B-01B9866D283C}.Debug|Mixed Platforms.ActiveCfg = Debug|Any CPU
		{EC6A0616-67F3-46DC-817B-01B9866D283C}.Debug|Mixed Platforms.Build.0 = Debug|Any CPU
		{EC6A0616-67F3-46DC-817B-01B9866D283C}.Debug|Mixed Platforms.Deploy.0 = Debug|Any CPU
		{EC6A0616-67F3-46DC-817B-01B9866D283C}.Release|Any CPU.ActiveCfg = Release|Any CPU
		{EC6A0616-67F3-46DC-817B-01B9866D283C}.Release|Any CPU.Build.0 = Release|Any CPU
		{EC6A0616-67F3-46DC-817B-01B9866D283C}.Release|Any CPU.Deploy.0 = Release|Any CPU
		{EC6A0616-67F3-46DC-817B-01B9866D283C}.Release|Mixed Platforms.ActiveCfg = Release|Any CPU
		{EC6A0616-67F3-46DC-817B-01B9866D283C}.Release|Mixed Platforms.Build.0 = Release|Any CPU
		{EC6A0616-67F3-46DC-817B-01B9866D283C}.Release|Mixed Platforms.Deploy.0 = Release|Any CPU
	EndGlobalSection
	GlobalSection(SolutionProperties) = preSolution
		HideSolutionNode = FALSE
	EndGlobalSection
	GlobalSection(ExtensibilityGlobals) = postSolution
		SolutionGuid = {CC38D74B-A5BE-463E-A980-4D3B6095FB4F}
	EndGlobalSection
	GlobalSection(MonoDevelopProperties) = preSolution
		StartupItem = Notifications.Android\Notifications.Android.csproj
	EndGlobalSection
EndGlobal
