
Microsoft Visual Studio Solution File, Format Version 12.00
# Visual Studio 2012
Project("{FAE04EC0-301F-11D3-BF4B-00C04F79EFBC}") = "Timer", "Timer\Timer.csproj", "{CBBC7693-DBD2-4800-99D5-4DDED746C8DE}"
EndProject
Global
	GlobalSection(SolutionConfigurationPlatforms) = preSolution
		Debug|Any CPU = Debug|Any CPU
		Release|Any CPU = Release|Any CPU
	EndGlobalSection
	GlobalSection(ProjectConfigurationPlatforms) = postSolution
		{CBBC7693-DBD2-4800-99D5-4DDED746C8DE}.Debug|Any CPU.ActiveCfg = Debug|Any CPU
		{CBBC7693-DBD2-4800-99D5-4DDED746C8DE}.Debug|Any CPU.Build.0 = Debug|Any CPU
		{CBBC7693-DBD2-4800-99D5-4DDED746C8DE}.Release|Any CPU.ActiveCfg = Release|Any CPU
		{CBBC7693-DBD2-4800-99D5-4DDED746C8DE}.Release|Any CPU.Build.0 = Release|Any CPU
	EndGlobalSection
	GlobalSection(MonoDevelopProperties) = preSolution
		StartupItem = Timer\Timer.csproj
	EndGlobalSection
EndGlobal
