
Microsoft Visual Studio Solution File, Format Version 12.00
# Visual Studio 2012
Project("{FAE04EC0-301F-11D3-BF4B-00C04F79EFBC}") = "EntityProject", "EntityProject\EntityProject.csproj", "{1C5A66D2-4086-4860-BDCC-B9F794DEA08D}"
EndProject
Global
	GlobalSection(SolutionConfigurationPlatforms) = preSolution
		Debug|Any CPU = Debug|Any CPU
		Release|Any CPU = Release|Any CPU
	EndGlobalSection
	GlobalSection(ProjectConfigurationPlatforms) = postSolution
		{1C5A66D2-4086-4860-BDCC-B9F794DEA08D}.Debug|Any CPU.ActiveCfg = Debug|Any CPU
		{1C5A66D2-4086-4860-BDCC-B9F794DEA08D}.Debug|Any CPU.Build.0 = Debug|Any CPU
		{1C5A66D2-4086-4860-BDCC-B9F794DEA08D}.Release|Any CPU.ActiveCfg = Release|Any CPU
		{1C5A66D2-4086-4860-BDCC-B9F794DEA08D}.Release|Any CPU.Build.0 = Release|Any CPU
	EndGlobalSection
EndGlobal
