
Microsoft Visual Studio Solution File, Format Version 12.00
# Visual Studio 2012
Project("{FAE04EC0-301F-11D3-BF4B-00C04F79EFBC}") = "AdMobExample", "AdMobExample\AdMobExample.csproj", "{A61EAEB7-B7DE-4B34-AB8C-47075131C003}"
EndProject
Global
	GlobalSection(SolutionConfigurationPlatforms) = preSolution
		Debug|Any CPU = Debug|Any CPU
		Release|Any CPU = Release|Any CPU
	EndGlobalSection
	GlobalSection(ProjectConfigurationPlatforms) = postSolution
		{A61EAEB7-B7DE-4B34-AB8C-47075131C003}.Debug|Any CPU.ActiveCfg = Debug|Any CPU
		{A61EAEB7-B7DE-4B34-AB8C-47075131C003}.Debug|Any CPU.Build.0 = Debug|Any CPU
		{A61EAEB7-B7DE-4B34-AB8C-47075131C003}.Release|Any CPU.ActiveCfg = Release|Any CPU
		{A61EAEB7-B7DE-4B34-AB8C-47075131C003}.Release|Any CPU.Build.0 = Release|Any CPU
	EndGlobalSection
EndGlobal
