
Microsoft Visual Studio Solution File, Format Version 11.00
# Visual Studio 2010
Project("{FAE04EC0-301F-11D3-BF4B-00C04F79EFBC}") = "SierpinskiTetrahedron", "SierpinskiTetrahedron.csproj", "{336470C4-5F83-4084-BB16-DD91F6FA6A11}"
EndProject
Global
	GlobalSection(SolutionConfigurationPlatforms) = preSolution
		Debug|Any CPU = Debug|Any CPU
		Release|Any CPU = Release|Any CPU
		Debug|iPhoneSimulator = Debug|iPhoneSimulator
		Release|iPhoneSimulator = Release|iPhoneSimulator
		Debug|iPhone = Debug|iPhone
		Release|iPhone = Release|iPhone
		Ad-Hoc|iPhone = Ad-Hoc|iPhone
		AppStore|iPhone = AppStore|iPhone
	EndGlobalSection
	GlobalSection(ProjectConfigurationPlatforms) = postSolution
		{336470C4-5F83-4084-BB16-DD91F6FA6A11}.Ad-Hoc|iPhone.ActiveCfg = Debug|Any CPU
		{336470C4-5F83-4084-BB16-DD91F6FA6A11}.Ad-Hoc|iPhone.Build.0 = Debug|Any CPU
		{336470C4-5F83-4084-BB16-DD91F6FA6A11}.AppStore|iPhone.ActiveCfg = Debug|Any CPU
		{336470C4-5F83-4084-BB16-DD91F6FA6A11}.AppStore|iPhone.Build.0 = Debug|Any CPU
		{336470C4-5F83-4084-BB16-DD91F6FA6A11}.Debug|Any CPU.ActiveCfg = Debug|Any CPU
		{336470C4-5F83-4084-BB16-DD91F6FA6A11}.Debug|Any CPU.Build.0 = Debug|Any CPU
		{336470C4-5F83-4084-BB16-DD91F6FA6A11}.Debug|iPhone.ActiveCfg = Debug|Any CPU
		{336470C4-5F83-4084-BB16-DD91F6FA6A11}.Debug|iPhone.Build.0 = Debug|Any CPU
		{336470C4-5F83-4084-BB16-DD91F6FA6A11}.Debug|iPhoneSimulator.ActiveCfg = Debug|Any CPU
		{336470C4-5F83-4084-BB16-DD91F6FA6A11}.Debug|iPhoneSimulator.Build.0 = Debug|Any CPU
		{336470C4-5F83-4084-BB16-DD91F6FA6A11}.Release|Any CPU.ActiveCfg = Release|Any CPU
		{336470C4-5F83-4084-BB16-DD91F6FA6A11}.Release|Any CPU.Build.0 = Release|Any CPU
		{336470C4-5F83-4084-BB16-DD91F6FA6A11}.Release|iPhone.ActiveCfg = Release|Any CPU
		{336470C4-5F83-4084-BB16-DD91F6FA6A11}.Release|iPhone.Build.0 = Release|Any CPU
		{336470C4-5F83-4084-BB16-DD91F6FA6A11}.Release|iPhoneSimulator.ActiveCfg = Release|Any CPU
		{336470C4-5F83-4084-BB16-DD91F6FA6A11}.Release|iPhoneSimulator.Build.0 = Release|Any CPU
	EndGlobalSection
	GlobalSection(SolutionProperties) = preSolution
		HideSolutionNode = FALSE
	EndGlobalSection
EndGlobal
