
Microsoft Visual Studio Solution File, Format Version 12.00
# Visual Studio 2012
Project("{FAE04EC0-301F-11D3-BF4B-00C04F79EFBC}") = "LocationUpdates", "LocationUpdates\LocationUpdates.csproj", "{4C7126E5-D6EF-4BF2-AA23-2C584D70F1BF}"
EndProject
Global
	GlobalSection(SolutionConfigurationPlatforms) = preSolution
		Debug|Any CPU = Debug|Any CPU
		Release|Any CPU = Release|Any CPU
	EndGlobalSection
	GlobalSection(ProjectConfigurationPlatforms) = postSolution
		{4C7126E5-D6EF-4BF2-AA23-2C584D70F1BF}.Debug|Any CPU.ActiveCfg = Debug|Any CPU
		{4C7126E5-D6EF-4BF2-AA23-2C584D70F1BF}.Debug|Any CPU.Build.0 = Debug|Any CPU
		{4C7126E5-D6EF-4BF2-AA23-2C584D70F1BF}.Release|Any CPU.ActiveCfg = Release|Any CPU
		{4C7126E5-D6EF-4BF2-AA23-2C584D70F1BF}.Release|Any CPU.Build.0 = Release|Any CPU
	EndGlobalSection
EndGlobal
