
Microsoft Visual Studio Solution File, Format Version 11.00
# Visual Studio 2010
Project("{FAE04EC0-301F-11D3-BF4B-00C04F79EFBC}") = "SimpleWidget", "SimpleWidget.csproj", "{8633B95A-4D75-49F8-9504-1350B5FAFF6D}"
EndProject
Global
	GlobalSection(SolutionConfigurationPlatforms) = preSolution
		Debug|Any CPU = Debug|Any CPU
		Release|Any CPU = Release|Any CPU
	EndGlobalSection
	GlobalSection(ProjectConfigurationPlatforms) = postSolution
		{8633B95A-4D75-49F8-9504-1350B5FAFF6D}.Debug|Any CPU.ActiveCfg = Debug|Any CPU
		{8633B95A-4D75-49F8-9504-1350B5FAFF6D}.Debug|Any CPU.Build.0 = Debug|Any CPU
		{8633B95A-4D75-49F8-9504-1350B5FAFF6D}.Debug|Any CPU.Deploy.0 = Debug|Any CPU
		{8633B95A-4D75-49F8-9504-1350B5FAFF6D}.Release|Any CPU.ActiveCfg = Release|Any CPU
		{8633B95A-4D75-49F8-9504-1350B5FAFF6D}.Release|Any CPU.Build.0 = Release|Any CPU
		{8633B95A-4D75-49F8-9504-1350B5FAFF6D}.Release|Any CPU.Deploy.0 = Release|Any CPU
	EndGlobalSection
	GlobalSection(SolutionProperties) = preSolution
		HideSolutionNode = FALSE
	EndGlobalSection
EndGlobal
