
Microsoft Visual Studio Solution File, Format Version 12.00
# Visual Studio 2013
VisualStudioVersion = 12.0.21005.1
MinimumVisualStudioVersion = 10.0.40219.1
Project("{FAE04EC0-301F-11D3-BF4B-00C04F79EFBC}") = "ThemeSwitcher", "ThemeSwitcher\ThemeSwitcher.csproj", "{4C74A921-3C50-44C4-B6E2-2F02E1652EAB}"
EndProject
Global
	GlobalSection(SolutionConfigurationPlatforms) = preSolution
		Debug|Any CPU = Debug|Any CPU
		Release|Any CPU = Release|Any CPU
	EndGlobalSection
	GlobalSection(ProjectConfigurationPlatforms) = postSolution
		{4C74A921-3C50-44C4-B6E2-2F02E1652EAB}.Debug|Any CPU.ActiveCfg = Debug|Any CPU
		{4C74A921-3C50-44C4-B6E2-2F02E1652EAB}.Debug|Any CPU.Build.0 = Debug|Any CPU
		{4C74A921-3C50-44C4-B6E2-2F02E1652EAB}.Debug|Any CPU.Deploy.0 = Debug|Any CPU
		{4C74A921-3C50-44C4-B6E2-2F02E1652EAB}.Release|Any CPU.ActiveCfg = Release|Any CPU
		{4C74A921-3C50-44C4-B6E2-2F02E1652EAB}.Release|Any CPU.Build.0 = Release|Any CPU
		{4C74A921-3C50-44C4-B6E2-2F02E1652EAB}.Release|Any CPU.Deploy.0 = Release|Any CPU
	EndGlobalSection
	GlobalSection(SolutionProperties) = preSolution
		HideSolutionNode = FALSE
	EndGlobalSection
EndGlobal
