
Microsoft Visual Studio Solution File, Format Version 12.00
# Visual Studio 2013
VisualStudioVersion = 12.0.21005.1
MinimumVisualStudioVersion = 10.0.40219.1
Project("{FAE04EC0-301F-11D3-BF4B-00C04F79EFBC}") = "Lifecycle.Droid", "Lifecycle.Droid\Lifecycle.Droid.csproj", "{EC86ECE3-B85D-40AF-86B0-BF40E126E0CF}"
EndProject
Global
	GlobalSection(SolutionConfigurationPlatforms) = preSolution
		Ad-Hoc|Any CPU = Ad-Hoc|Any CPU
		Ad-Hoc|iPhone = Ad-Hoc|iPhone
		Ad-Hoc|iPhoneSimulator = Ad-Hoc|iPhoneSimulator
		AppStore|Any CPU = AppStore|Any CPU
		AppStore|iPhone = AppStore|iPhone
		AppStore|iPhoneSimulator = AppStore|iPhoneSimulator
		Debug|Any CPU = Debug|Any CPU
		Debug|iPhone = Debug|iPhone
		Debug|iPhoneSimulator = Debug|iPhoneSimulator
		Release|Any CPU = Release|Any CPU
		Release|iPhone = Release|iPhone
		Release|iPhoneSimulator = Release|iPhoneSimulator
	EndGlobalSection
	GlobalSection(ProjectConfigurationPlatforms) = postSolution
		{EC86ECE3-B85D-40AF-86B0-BF40E126E0CF}.Ad-Hoc|Any CPU.ActiveCfg = Release|Any CPU
		{EC86ECE3-B85D-40AF-86B0-BF40E126E0CF}.Ad-Hoc|Any CPU.Build.0 = Release|Any CPU
		{EC86ECE3-B85D-40AF-86B0-BF40E126E0CF}.Ad-Hoc|Any CPU.Deploy.0 = Release|Any CPU
		{EC86ECE3-B85D-40AF-86B0-BF40E126E0CF}.Ad-Hoc|iPhone.ActiveCfg = Debug|Any CPU
		{EC86ECE3-B85D-40AF-86B0-BF40E126E0CF}.Ad-Hoc|iPhone.Build.0 = Debug|Any CPU
		{EC86ECE3-B85D-40AF-86B0-BF40E126E0CF}.Ad-Hoc|iPhoneSimulator.ActiveCfg = Release|Any CPU
		{EC86ECE3-B85D-40AF-86B0-BF40E126E0CF}.AppStore|Any CPU.ActiveCfg = Release|Any CPU
		{EC86ECE3-B85D-40AF-86B0-BF40E126E0CF}.AppStore|Any CPU.Build.0 = Release|Any CPU
		{EC86ECE3-B85D-40AF-86B0-BF40E126E0CF}.AppStore|Any CPU.Deploy.0 = Release|Any CPU
		{EC86ECE3-B85D-40AF-86B0-BF40E126E0CF}.AppStore|iPhone.ActiveCfg = Debug|Any CPU
		{EC86ECE3-B85D-40AF-86B0-BF40E126E0CF}.AppStore|iPhone.Build.0 = Debug|Any CPU
		{EC86ECE3-B85D-40AF-86B0-BF40E126E0CF}.AppStore|iPhoneSimulator.ActiveCfg = Release|Any CPU
		{EC86ECE3-B85D-40AF-86B0-BF40E126E0CF}.Debug|Any CPU.ActiveCfg = Debug|Any CPU
		{EC86ECE3-B85D-40AF-86B0-BF40E126E0CF}.Debug|Any CPU.Build.0 = Debug|Any CPU
		{EC86ECE3-B85D-40AF-86B0-BF40E126E0CF}.Debug|Any CPU.Deploy.0 = Debug|Any CPU
		{EC86ECE3-B85D-40AF-86B0-BF40E126E0CF}.Debug|iPhone.ActiveCfg = Debug|Any CPU
		{EC86ECE3-B85D-40AF-86B0-BF40E126E0CF}.Debug|iPhone.Build.0 = Debug|Any CPU
		{EC86ECE3-B85D-40AF-86B0-BF40E126E0CF}.Debug|iPhoneSimulator.ActiveCfg = Debug|Any CPU
		{EC86ECE3-B85D-40AF-86B0-BF40E126E0CF}.Debug|iPhoneSimulator.Build.0 = Debug|Any CPU
		{EC86ECE3-B85D-40AF-86B0-BF40E126E0CF}.Release|Any CPU.ActiveCfg = Release|Any CPU
		{EC86ECE3-B85D-40AF-86B0-BF40E126E0CF}.Release|Any CPU.Build.0 = Release|Any CPU
		{EC86ECE3-B85D-40AF-86B0-BF40E126E0CF}.Release|iPhone.ActiveCfg = Release|Any CPU
		{EC86ECE3-B85D-40AF-86B0-BF40E126E0CF}.Release|iPhone.Build.0 = Release|Any CPU
		{EC86ECE3-B85D-40AF-86B0-BF40E126E0CF}.Release|iPhoneSimulator.ActiveCfg = Release|Any CPU
		{EC86ECE3-B85D-40AF-86B0-BF40E126E0CF}.Release|iPhoneSimulator.Build.0 = Release|Any CPU
		{286ABE0C-4DAD-41B3-A66C-E37DE63F15F7}.Ad-Hoc|Any CPU.ActiveCfg = Ad-Hoc|iPhoneSimulator
		{286ABE0C-4DAD-41B3-A66C-E37DE63F15F7}.Ad-Hoc|iPhone.ActiveCfg = Ad-Hoc|iPhone
		{286ABE0C-4DAD-41B3-A66C-E37DE63F15F7}.Ad-Hoc|iPhone.Build.0 = Ad-Hoc|iPhone
		{286ABE0C-4DAD-41B3-A66C-E37DE63F15F7}.Ad-Hoc|iPhoneSimulator.ActiveCfg = Ad-Hoc|iPhoneSimulator
		{286ABE0C-4DAD-41B3-A66C-E37DE63F15F7}.Ad-Hoc|iPhoneSimulator.Build.0 = Ad-Hoc|iPhoneSimulator
		{286ABE0C-4DAD-41B3-A66C-E37DE63F15F7}.AppStore|Any CPU.ActiveCfg = AppStore|iPhoneSimulator
		{286ABE0C-4DAD-41B3-A66C-E37DE63F15F7}.AppStore|iPhone.ActiveCfg = AppStore|iPhone
		{286ABE0C-4DAD-41B3-A66C-E37DE63F15F7}.AppStore|iPhone.Build.0 = AppStore|iPhone
		{286ABE0C-4DAD-41B3-A66C-E37DE63F15F7}.AppStore|iPhoneSimulator.ActiveCfg = AppStore|iPhoneSimulator
		{286ABE0C-4DAD-41B3-A66C-E37DE63F15F7}.AppStore|iPhoneSimulator.Build.0 = AppStore|iPhoneSimulator
		{286ABE0C-4DAD-41B3-A66C-E37DE63F15F7}.Debug|Any CPU.ActiveCfg = Debug|iPhoneSimulator
		{286ABE0C-4DAD-41B3-A66C-E37DE63F15F7}.Debug|Any CPU.Build.0 = Debug|iPhoneSimulator
		{286ABE0C-4DAD-41B3-A66C-E37DE63F15F7}.Debug|iPhone.ActiveCfg = Debug|iPhone
		{286ABE0C-4DAD-41B3-A66C-E37DE63F15F7}.Debug|iPhone.Build.0 = Debug|iPhone
		{286ABE0C-4DAD-41B3-A66C-E37DE63F15F7}.Debug|iPhoneSimulator.ActiveCfg = Debug|iPhoneSimulator
		{286ABE0C-4DAD-41B3-A66C-E37DE63F15F7}.Debug|iPhoneSimulator.Build.0 = Debug|iPhoneSimulator
		{286ABE0C-4DAD-41B3-A66C-E37DE63F15F7}.Release|Any CPU.ActiveCfg = Release|iPhoneSimulator
		{286ABE0C-4DAD-41B3-A66C-E37DE63F15F7}.Release|Any CPU.Build.0 = Release|iPhoneSimulator
		{286ABE0C-4DAD-41B3-A66C-E37DE63F15F7}.Release|iPhone.ActiveCfg = Release|iPhone
		{286ABE0C-4DAD-41B3-A66C-E37DE63F15F7}.Release|iPhone.Build.0 = Release|iPhone
		{286ABE0C-4DAD-41B3-A66C-E37DE63F15F7}.Release|iPhoneSimulator.ActiveCfg = Release|iPhoneSimulator
		{286ABE0C-4DAD-41B3-A66C-E37DE63F15F7}.Release|iPhoneSimulator.Build.0 = Release|iPhoneSimulator
	EndGlobalSection
	GlobalSection(SolutionProperties) = preSolution
		HideSolutionNode = FALSE
	EndGlobalSection
EndGlobal
