
Microsoft Visual Studio Solution File, Format Version 12.00
# Visual Studio Version 17
VisualStudioVersion = 17.3.32611.2
MinimumVisualStudioVersion = 10.0.40219.1
Project("{FAE04EC0-301F-11D3-BF4B-00C04F79EFBC}") = "TextSwitcher", "TextSwitcher\TextSwitcher.csproj", "{ECC6B3D3-DA78-42C3-A596-554E5BB5CA89}"
EndProject
Global
	GlobalSection(SolutionConfigurationPlatforms) = preSolution
		Debug|Any CPU = Debug|Any CPU
		Release|Any CPU = Release|Any CPU
	EndGlobalSection
	GlobalSection(ProjectConfigurationPlatforms) = postSolution
		{ECC6B3D3-DA78-42C3-A596-554E5BB5CA89}.Debug|Any CPU.ActiveCfg = Debug|Any CPU
		{ECC6B3D3-DA78-42C3-A596-554E5BB5CA89}.Debug|Any CPU.Build.0 = Debug|Any CPU
		{ECC6B3D3-DA78-42C3-A596-554E5BB5CA89}.Debug|Any CPU.Deploy.0 = Debug|Any CPU
		{ECC6B3D3-DA78-42C3-A596-554E5BB5CA89}.Release|Any CPU.ActiveCfg = Release|Any CPU
		{ECC6B3D3-DA78-42C3-A596-554E5BB5CA89}.Release|Any CPU.Build.0 = Release|Any CPU
		{ECC6B3D3-DA78-42C3-A596-554E5BB5CA89}.Release|Any CPU.Deploy.0 = Release|Any CPU
	EndGlobalSection
	GlobalSection(SolutionProperties) = preSolution
		HideSolutionNode = FALSE
	EndGlobalSection
	GlobalSection(ExtensibilityGlobals) = postSolution
		SolutionGuid = {C25255BD-731B-46A9-9714-B0B7E261D192}
	EndGlobalSection
EndGlobal
