
Microsoft Visual Studio Solution File, Format Version 12.00
# Visual Studio 15
VisualStudioVersion = 15.0.27004.2009
MinimumVisualStudioVersion = 10.0.40219.1
Project("{FAE04EC0-301F-11D3-BF4B-00C04F79EFBC}") = "ActivityRecognition", "ActivityRecognition\ActivityRecognition.csproj", "{90D98C31-CD76-46E7-9727-2DB84A569AB2}"
EndProject
Global
	GlobalSection(SolutionConfigurationPlatforms) = preSolution
		Debug|Any CPU = Debug|Any CPU
		Release|Any CPU = Release|Any CPU
	EndGlobalSection
	GlobalSection(ProjectConfigurationPlatforms) = postSolution
		{90D98C31-CD76-46E7-9727-2DB84A569AB2}.Debug|Any CPU.ActiveCfg = Debug|Any CPU
		{90D98C31-CD76-46E7-9727-2DB84A569AB2}.Debug|Any CPU.Build.0 = Debug|Any CPU
		{90D98C31-CD76-46E7-9727-2DB84A569AB2}.Debug|Any CPU.Deploy.0 = Debug|Any CPU
		{90D98C31-CD76-46E7-9727-2DB84A569AB2}.Release|Any CPU.ActiveCfg = Release|Any CPU
		{90D98C31-CD76-46E7-9727-2DB84A569AB2}.Release|Any CPU.Build.0 = Release|Any CPU
		{90D98C31-CD76-46E7-9727-2DB84A569AB2}.Release|Any CPU.Deploy.0 = Release|Any CPU
	EndGlobalSection
	GlobalSection(SolutionProperties) = preSolution
		HideSolutionNode = FALSE
	EndGlobalSection
	GlobalSection(ExtensibilityGlobals) = postSolution
		SolutionGuid = {A312DBA6-2664-4AED-84AA-5C9D536E0BD0}
	EndGlobalSection
EndGlobal
