
Microsoft Visual Studio Solution File, Format Version 12.00
# Visual Studio 2012
Project("{FAE04EC0-301F-11D3-BF4B-00C04F79EFBC}") = "AgendaData", "AgendaData\AgendaData.csproj", "{D129E517-B53D-4CD1-8510-4B7CE9C60625}"
EndProject
Project("{FAE04EC0-301F-11D3-BF4B-00C04F79EFBC}") = "Wearable", "Wearable\Wearable.csproj", "{87ABF90A-650D-484D-A607-D5F4F3AC65B8}"
EndProject
Global
	GlobalSection(SolutionConfigurationPlatforms) = preSolution
		Debug|Any CPU = Debug|Any CPU
		Release|Any CPU = Release|Any CPU
	EndGlobalSection
	GlobalSection(ProjectConfigurationPlatforms) = postSolution
		{87ABF90A-650D-484D-A607-D5F4F3AC65B8}.Debug|Any CPU.ActiveCfg = Debug|Any CPU
		{87ABF90A-650D-484D-A607-D5F4F3AC65B8}.Debug|Any CPU.Build.0 = Debug|Any CPU
		{87ABF90A-650D-484D-A607-D5F4F3AC65B8}.Release|Any CPU.ActiveCfg = Release|Any CPU
		{87ABF90A-650D-484D-A607-D5F4F3AC65B8}.Release|Any CPU.Build.0 = Release|Any CPU
		{D129E517-B53D-4CD1-8510-4B7CE9C60625}.Debug|Any CPU.ActiveCfg = Debug|Any CPU
		{D129E517-B53D-4CD1-8510-4B7CE9C60625}.Debug|Any CPU.Build.0 = Debug|Any CPU
		{D129E517-B53D-4CD1-8510-4B7CE9C60625}.Release|Any CPU.ActiveCfg = Release|Any CPU
		{D129E517-B53D-4CD1-8510-4B7CE9C60625}.Release|Any CPU.Build.0 = Release|Any CPU
	EndGlobalSection
EndGlobal
