
Microsoft Visual Studio Solution File, Format Version 12.00
# Visual Studio 15
VisualStudioVersion = 15.0.27130.2010
MinimumVisualStudioVersion = 10.0.40219.1
Project("{FAE04EC0-301F-11D3-BF4B-00C04F79EFBC}") = "SafeBrowsing", "SafeBrowsing\SafeBrowsing.csproj", "{096E6C38-E388-4A65-9F59-8E9E35AC45F3}"
EndProject
Global
	GlobalSection(SolutionConfigurationPlatforms) = preSolution
		Debug|Any CPU = Debug|Any CPU
		Release|Any CPU = Release|Any CPU
	EndGlobalSection
	GlobalSection(ProjectConfigurationPlatforms) = postSolution
		{096E6C38-E388-4A65-9F59-8E9E35AC45F3}.Debug|Any CPU.ActiveCfg = Debug|Any CPU
		{096E6C38-E388-4A65-9F59-8E9E35AC45F3}.Debug|Any CPU.Build.0 = Debug|Any CPU
		{096E6C38-E388-4A65-9F59-8E9E35AC45F3}.Debug|Any CPU.Deploy.0 = Debug|Any CPU
		{096E6C38-E388-4A65-9F59-8E9E35AC45F3}.Release|Any CPU.ActiveCfg = Release|Any CPU
		{096E6C38-E388-4A65-9F59-8E9E35AC45F3}.Release|Any CPU.Build.0 = Release|Any CPU
		{096E6C38-E388-4A65-9F59-8E9E35AC45F3}.Release|Any CPU.Deploy.0 = Release|Any CPU
	EndGlobalSection
	GlobalSection(SolutionProperties) = preSolution
		HideSolutionNode = FALSE
	EndGlobalSection
	GlobalSection(ExtensibilityGlobals) = postSolution
		SolutionGuid = {E19DDF51-55EF-4C23-9C5C-2BDDF782B5AB}
	EndGlobalSection
EndGlobal
