
Microsoft Visual Studio Solution File, Format Version 12.00
# Visual Studio 2012
Project("{FAE04EC0-301F-11D3-BF4B-00C04F79EFBC}") = "JNIDemo", "JNIDemo.csproj", "{3DAFCF28-6C90-48D9-8F5D-4C556AF76DD9}"
EndProject
Global
	GlobalSection(SolutionConfigurationPlatforms) = preSolution
		Debug|Any CPU = Debug|Any CPU
		Release|Any CPU = Release|Any CPU
	EndGlobalSection
	GlobalSection(ProjectConfigurationPlatforms) = postSolution
		{3DAFCF28-6C90-48D9-8F5D-4C556AF76DD9}.Debug|Any CPU.ActiveCfg = Debug|Any CPU
		{3DAFCF28-6C90-48D9-8F5D-4C556AF76DD9}.Debug|Any CPU.Build.0 = Debug|Any CPU
		{3DAFCF28-6C90-48D9-8F5D-4C556AF76DD9}.Release|Any CPU.ActiveCfg = Release|Any CPU
		{3DAFCF28-6C90-48D9-8F5D-4C556AF76DD9}.Release|Any CPU.Build.0 = Release|Any CPU
	EndGlobalSection
	GlobalSection(MonoDevelopProperties) = preSolution
		StartupItem = JNIDemo.csproj
	EndGlobalSection
EndGlobal
