
Microsoft Visual Studio Solution File, Format Version 12.00
# Visual Studio 2012
Project("{FAE04EC0-301F-11D3-BF4B-00C04F79EFBC}") = "DocumentCentricRelinquishIdentity", "DocumentCentricRelinquishIdentity\DocumentCentricRelinquishIdentity.csproj", "{45A6A321-A04E-49AF-8BA3-7BBE1EE83C98}"
EndProject
Global
	GlobalSection(SolutionConfigurationPlatforms) = preSolution
		Debug|Any CPU = Debug|Any CPU
		Release|Any CPU = Release|Any CPU
	EndGlobalSection
	GlobalSection(ProjectConfigurationPlatforms) = postSolution
		{45A6A321-A04E-49AF-8BA3-7BBE1EE83C98}.Debug|Any CPU.ActiveCfg = Debug|Any CPU
		{45A6A321-A04E-49AF-8BA3-7BBE1EE83C98}.Debug|Any CPU.Build.0 = Debug|Any CPU
		{45A6A321-A04E-49AF-8BA3-7BBE1EE83C98}.Release|Any CPU.ActiveCfg = Release|Any CPU
		{45A6A321-A04E-49AF-8BA3-7BBE1EE83C98}.Release|Any CPU.Build.0 = Release|Any CPU
	EndGlobalSection
	GlobalSection(MonoDevelopProperties) = preSolution
		StartupItem = DocumentCentricRelinquishIdentity\DocumentCentricRelinquishIdentity.csproj
	EndGlobalSection
EndGlobal
