
Microsoft Visual Studio Solution File, Format Version 11.00
# Visual Studio 2010
Project("{FAE04EC0-301F-11D3-BF4B-00C04F79EFBC}") = "GooglePlayServicesApp", "GooglePlayServicesApp\GooglePlayServicesApp.csproj", "{0D5D76F9-9833-42E8-8923-F5219141F23A}"
EndProject
Global
	GlobalSection(SolutionConfigurationPlatforms) = preSolution
		Debug|Any CPU = Debug|Any CPU
		Release|Any CPU = Release|Any CPU
	EndGlobalSection
	GlobalSection(ProjectConfigurationPlatforms) = postSolution
		{0D5D76F9-9833-42E8-8923-F5219141F23A}.Debug|Any CPU.ActiveCfg = Debug|Any CPU
		{0D5D76F9-9833-42E8-8923-F5219141F23A}.Debug|Any CPU.Build.0 = Debug|Any CPU
		{0D5D76F9-9833-42E8-8923-F5219141F23A}.Release|Any CPU.ActiveCfg = Release|Any CPU
		{0D5D76F9-9833-42E8-8923-F5219141F23A}.Release|Any CPU.Build.0 = Release|Any CPU
	EndGlobalSection
	GlobalSection(MonoDevelopProperties) = preSolution
		StartupItem = GooglePlayServicesApp\GooglePlayServicesApp.csproj
	EndGlobalSection
EndGlobal
