
Microsoft Visual Studio Solution File, Format Version 12.00
# Visual Studio 2012
Project("{FAE04EC0-301F-11D3-BF4B-00C04F79EFBC}") = "DirectorySelection", "DirectorySelection.csproj", "{9F3A3700-B120-42B8-8A40-5F43ACDE173C}"
EndProject
Global
	GlobalSection(SolutionConfigurationPlatforms) = preSolution
		Debug|Any CPU = Debug|Any CPU
		Release|Any CPU = Release|Any CPU
	EndGlobalSection
	GlobalSection(ProjectConfigurationPlatforms) = postSolution
		{9F3A3700-B120-42B8-8A40-5F43ACDE173C}.Debug|Any CPU.ActiveCfg = Debug|Any CPU
		{9F3A3700-B120-42B8-8A40-5F43ACDE173C}.Debug|Any CPU.Build.0 = Debug|Any CPU
		{9F3A3700-B120-42B8-8A40-5F43ACDE173C}.Release|Any CPU.ActiveCfg = Release|Any CPU
		{9F3A3700-B120-42B8-8A40-5F43ACDE173C}.Release|Any CPU.Build.0 = Release|Any CPU
	EndGlobalSection
EndGlobal
