Microsoft Visual Studio Solution File, Format Version 11.00
# Visual Studio 2010
Project("{FAE04EC0-301F-11D3-BF4B-00C04F79EFBC}") = "ContactsProviderDemo", "ContactsProviderDemo.csproj", "{F8EA8877-58C6-4640-B2F1-4CC92D9493EB}"
EndProject
Global
	GlobalSection(SolutionConfigurationPlatforms) = preSolution
		Debug|Any CPU = Debug|Any CPU
		Release|Any CPU = Release|Any CPU
	EndGlobalSection
	GlobalSection(ProjectConfigurationPlatforms) = postSolution
		{F8EA8877-58C6-4640-B2F1-4CC92D9493EB}.Debug|Any CPU.ActiveCfg = Debug|Any CPU
		{F8EA8877-58C6-4640-B2F1-4CC92D9493EB}.Debug|Any CPU.Build.0 = Debug|Any CPU
		{F8EA8877-58C6-4640-B2F1-4CC92D9493EB}.Debug|Any CPU.Deploy.0 = Debug|Any CPU
		{F8EA8877-58C6-4640-B2F1-4CC92D9493EB}.Release|Any CPU.ActiveCfg = Release|Any CPU
		{F8EA8877-58C6-4640-B2F1-4CC92D9493EB}.Release|Any CPU.Build.0 = Release|Any CPU
		{F8EA8877-58C6-4640-B2F1-4CC92D9493EB}.Release|Any CPU.Deploy.0 = Release|Any CPU
	EndGlobalSection
	GlobalSection(SolutionProperties) = preSolution
		HideSolutionNode = FALSE
	EndGlobalSection
	GlobalSection(MonoDevelopProperties) = preSolution
		StartupItem = ContactsProviderDemo.csproj
	EndGlobalSection
EndGlobal
