
Microsoft Visual Studio Solution File, Format Version 11.00
# Visual Studio 2010
Project("{FAE04EC0-301F-11D3-BF4B-00C04F79EFBC}") = "LiveWallpaperDemo", "LiveWallpaperDemo.csproj", "{20A1D7F1-BD13-4E0A-B768-858588B47AC5}"
EndProject
Global
	GlobalSection(SolutionConfigurationPlatforms) = preSolution
		Debug|Any CPU = Debug|Any CPU
		Release|Any CPU = Release|Any CPU
	EndGlobalSection
	GlobalSection(ProjectConfigurationPlatforms) = postSolution
		{20A1D7F1-BD13-4E0A-B768-858588B47AC5}.Debug|Any CPU.ActiveCfg = Debug|Any CPU
		{20A1D7F1-BD13-4E0A-B768-858588B47AC5}.Debug|Any CPU.Build.0 = Debug|Any CPU
		{20A1D7F1-BD13-4E0A-B768-858588B47AC5}.Debug|Any CPU.Deploy.0 = Debug|Any CPU
		{20A1D7F1-BD13-4E0A-B768-858588B47AC5}.Release|Any CPU.ActiveCfg = Release|Any CPU
		{20A1D7F1-BD13-4E0A-B768-858588B47AC5}.Release|Any CPU.Build.0 = Release|Any CPU
		{20A1D7F1-BD13-4E0A-B768-858588B47AC5}.Release|Any CPU.Deploy.0 = Release|Any CPU
	EndGlobalSection
	GlobalSection(SolutionProperties) = preSolution
		HideSolutionNode = FALSE
	EndGlobalSection
EndGlobal
