
Microsoft Visual Studio Solution File, Format Version 12.00
# Visual Studio 2012
Project("{FAE04EC0-301F-11D3-BF4B-00C04F79EFBC}") = "DocumentCentricApps", "DocumentCentricApps\DocumentCentricApps.csproj", "{A87526E0-D1FD-48D5-A29A-768953D6E290}"
EndProject
Global
	GlobalSection(SolutionConfigurationPlatforms) = preSolution
		Debug|Any CPU = Debug|Any CPU
		Release|Any CPU = Release|Any CPU
	EndGlobalSection
	GlobalSection(ProjectConfigurationPlatforms) = postSolution
		{A87526E0-D1FD-48D5-A29A-768953D6E290}.Debug|Any CPU.ActiveCfg = Debug|Any CPU
		{A87526E0-D1FD-48D5-A29A-768953D6E290}.Debug|Any CPU.Build.0 = Debug|Any CPU
		{A87526E0-D1FD-48D5-A29A-768953D6E290}.Release|Any CPU.ActiveCfg = Release|Any CPU
		{A87526E0-D1FD-48D5-A29A-768953D6E290}.Release|Any CPU.Build.0 = Release|Any CPU
	EndGlobalSection
	GlobalSection(MonoDevelopProperties) = preSolution
		StartupItem = DocumentCentricApps\DocumentCentricApps.csproj
	EndGlobalSection
EndGlobal
