
Microsoft Visual Studio Solution File, Format Version 12.00
# Visual Studio 2012
Project("{FAE04EC0-301F-11D3-BF4B-00C04F79EFBC}") = "DelayedConfirmationWear", "DelayedConfirmationWear\DelayedConfirmationWear.csproj", "{354747EB-FD49-486A-BD49-96A086088E62}"
EndProject
Project("{FAE04EC0-301F-11D3-BF4B-00C04F79EFBC}") = "DelayedConfirmationApp", "DelayedConfirmationApp\DelayedConfirmationApp.csproj", "{33F90E50-E9FF-4477-95E4-FB6A8A997491}"
EndProject
Global
	GlobalSection(SolutionConfigurationPlatforms) = preSolution
		Debug|Any CPU = Debug|Any CPU
		Release|Any CPU = Release|Any CPU
	EndGlobalSection
	GlobalSection(ProjectConfigurationPlatforms) = postSolution
		{33F90E50-E9FF-4477-95E4-FB6A8A997491}.Debug|Any CPU.ActiveCfg = Debug|Any CPU
		{33F90E50-E9FF-4477-95E4-FB6A8A997491}.Debug|Any CPU.Build.0 = Debug|Any CPU
		{33F90E50-E9FF-4477-95E4-FB6A8A997491}.Release|Any CPU.ActiveCfg = Release|Any CPU
		{33F90E50-E9FF-4477-95E4-FB6A8A997491}.Release|Any CPU.Build.0 = Release|Any CPU
		{354747EB-FD49-486A-BD49-96A086088E62}.Debug|Any CPU.ActiveCfg = Debug|Any CPU
		{354747EB-FD49-486A-BD49-96A086088E62}.Debug|Any CPU.Build.0 = Debug|Any CPU
		{354747EB-FD49-486A-BD49-96A086088E62}.Release|Any CPU.ActiveCfg = Release|Any CPU
		{354747EB-FD49-486A-BD49-96A086088E62}.Release|Any CPU.Build.0 = Release|Any CPU
	EndGlobalSection
EndGlobal
