
Microsoft Visual Studio Solution File, Format Version 11.00
# Visual Studio 2010
Project("{FAE04EC0-301F-11D3-BF4B-00C04F79EFBC}") = "SanityTests", "SanityTests.csproj", "{D5BFD622-A26D-4507-9D19-CC4DE31D577D}"
EndProject
Global
	GlobalSection(SolutionConfigurationPlatforms) = preSolution
		Debug|Any CPU = Debug|Any CPU
		Release|Any CPU = Release|Any CPU
	EndGlobalSection
	GlobalSection(ProjectConfigurationPlatforms) = postSolution
		{D5BFD622-A26D-4507-9D19-CC4DE31D577D}.Debug|Any CPU.ActiveCfg = Debug|Any CPU
		{D5BFD622-A26D-4507-9D19-CC4DE31D577D}.Debug|Any CPU.Build.0 = Debug|Any CPU
		{D5BFD622-A26D-4507-9D19-CC4DE31D577D}.Debug|Any CPU.Deploy.0 = Debug|Any CPU
		{D5BFD622-A26D-4507-9D19-CC4DE31D577D}.Release|Any CPU.ActiveCfg = Release|Any CPU
		{D5BFD622-A26D-4507-9D19-CC4DE31D577D}.Release|Any CPU.Build.0 = Release|Any CPU
		{D5BFD622-A26D-4507-9D19-CC4DE31D577D}.Release|Any CPU.Deploy.0 = Release|Any CPU
	EndGlobalSection
	GlobalSection(SolutionProperties) = preSolution
		HideSolutionNode = FALSE
	EndGlobalSection
EndGlobal
