
Microsoft Visual Studio Solution File, Format Version 12.00
# Visual Studio 2012
Project("{FAE04EC0-301F-11D3-BF4B-00C04F79EFBC}") = "HelloWorld", "HelloWorld.csproj", "{D2CF1022-E9E5-46EF-9219-2E7E0FC299EF}"
EndProject
Global
	GlobalSection(SolutionConfigurationPlatforms) = preSolution
		Debug|Any CPU = Debug|Any CPU
		Release|Any CPU = Release|Any CPU
	EndGlobalSection
	GlobalSection(ProjectConfigurationPlatforms) = postSolution
		{D2CF1022-E9E5-46EF-9219-2E7E0FC299EF}.Debug|Any CPU.ActiveCfg = Debug|Any CPU
		{D2CF1022-E9E5-46EF-9219-2E7E0FC299EF}.Debug|Any CPU.Build.0 = Debug|Any CPU
		{D2CF1022-E9E5-46EF-9219-2E7E0FC299EF}.Release|Any CPU.ActiveCfg = Release|Any CPU
		{D2CF1022-E9E5-46EF-9219-2E7E0FC299EF}.Release|Any CPU.Build.0 = Release|Any CPU
	EndGlobalSection
	GlobalSection(MonoDevelopProperties) = preSolution
		StartupItem = HelloWorld.csproj
	EndGlobalSection
EndGlobal
