
Microsoft Visual Studio Solution File, Format Version 11.00
# Visual Studio 2010
Project("{FAE04EC0-301F-11D3-BF4B-00C04F79EFBC}") = "TextureViewDemo", "TextureViewDemo\TextureViewDemo.csproj", "{DF2F95C3-E3B2-4079-9ADE-18FAB1E9077B}"
EndProject
Global
	GlobalSection(SolutionConfigurationPlatforms) = preSolution
		Debug|Any CPU = Debug|Any CPU
		Release|Any CPU = Release|Any CPU
	EndGlobalSection
	GlobalSection(ProjectConfigurationPlatforms) = postSolution
		{DF2F95C3-E3B2-4079-9ADE-18FAB1E9077B}.Debug|Any CPU.ActiveCfg = Debug|Any CPU
		{DF2F95C3-E3B2-4079-9ADE-18FAB1E9077B}.Debug|Any CPU.Build.0 = Debug|Any CPU
		{DF2F95C3-E3B2-4079-9ADE-18FAB1E9077B}.Release|Any CPU.ActiveCfg = Release|Any CPU
		{DF2F95C3-E3B2-4079-9ADE-18FAB1E9077B}.Release|Any CPU.Build.0 = Release|Any CPU
	EndGlobalSection
	GlobalSection(MonoDevelopProperties) = preSolution
		StartupItem = TextureViewDemo\TextureViewDemo.csproj
	EndGlobalSection
EndGlobal
