
Microsoft Visual Studio Solution File, Format Version 11.00
# Visual Studio 2010
Project("{FAE04EC0-301F-11D3-BF4B-00C04F79EFBC}") = "GLTriangle30", "GLTriangle30.csproj", "{71D32F89-7907-4A6F-81B9-232E6614A082}"
EndProject
Global
	GlobalSection(SolutionConfigurationPlatforms) = preSolution
		Debug|Any CPU = Debug|Any CPU
		Release|Any CPU = Release|Any CPU
	EndGlobalSection
	GlobalSection(ProjectConfigurationPlatforms) = postSolution
		{71D32F89-7907-4A6F-81B9-232E6614A082}.Debug|Any CPU.ActiveCfg = Debug|Any CPU
		{71D32F89-7907-4A6F-81B9-232E6614A082}.Debug|Any CPU.Build.0 = Debug|Any CPU
		{71D32F89-7907-4A6F-81B9-232E6614A082}.Release|Any CPU.ActiveCfg = Release|Any CPU
		{71D32F89-7907-4A6F-81B9-232E6614A082}.Release|Any CPU.Build.0 = Release|Any CPU
	EndGlobalSection
	GlobalSection(MonoDevelopProperties) = preSolution
		StartupItem = GLTriangle30.csproj
	EndGlobalSection
	GlobalSection(SolutionProperties) = preSolution
		HideSolutionNode = FALSE
	EndGlobalSection
EndGlobal
