
Microsoft Visual Studio Solution File, Format Version 11.00
# Visual Studio 2010
Project("{FAE04EC0-301F-11D3-BF4B-00C04F79EFBC}") = "ContactsProvider", "ContactsProvider.csproj", "{3DDCDB90-C3ED-4CF7-92A9-1FA9145F95EA}"
EndProject
Global
	GlobalSection(SolutionConfigurationPlatforms) = preSolution
		Debug|Any CPU = Debug|Any CPU
		Release|Any CPU = Release|Any CPU
	EndGlobalSection
	GlobalSection(ProjectConfigurationPlatforms) = postSolution
		{3DDCDB90-C3ED-4CF7-92A9-1FA9145F95EA}.Debug|Any CPU.ActiveCfg = Debug|Any CPU
		{3DDCDB90-C3ED-4CF7-92A9-1FA9145F95EA}.Debug|Any CPU.Build.0 = Debug|Any CPU
		{3DDCDB90-C3ED-4CF7-92A9-1FA9145F95EA}.Debug|Any CPU.Deploy.0 = Debug|Any CPU
		{3DDCDB90-C3ED-4CF7-92A9-1FA9145F95EA}.Release|Any CPU.ActiveCfg = Release|Any CPU
		{3DDCDB90-C3ED-4CF7-92A9-1FA9145F95EA}.Release|Any CPU.Build.0 = Release|Any CPU
	EndGlobalSection
	GlobalSection(SolutionProperties) = preSolution
		HideSolutionNode = FALSE
	EndGlobalSection
	GlobalSection(MonoDevelopProperties) = preSolution
		StartupItem = ContactsAdapterDemo\ContactsAdapterDemo.csproj
	EndGlobalSection
EndGlobal
