
Microsoft Visual Studio Solution File, Format Version 12.00
# Visual Studio 14
VisualStudioVersion = 14.0.24720.0
MinimumVisualStudioVersion = 10.0.40219.1
Project("{FAE04EC0-301F-11D3-BF4B-00C04F79EFBC}") = "AarBinding", "AarBinding\AarBinding.csproj", "{496F7F1A-3BA3-47FA-BE90-88CBABC13B14}"
EndProject
Project("{FAE04EC0-301F-11D3-BF4B-00C04F79EFBC}") = "BindingTest", "BindingTest\BindingTest.csproj", "{7646D6A4-EAEE-4FEF-9DBA-7AA8903E6B34}"
EndProject
Global
	GlobalSection(SolutionConfigurationPlatforms) = preSolution
		Debug|Any CPU = Debug|Any CPU
		Release|Any CPU = Release|Any CPU
	EndGlobalSection
	GlobalSection(ProjectConfigurationPlatforms) = postSolution
		{496F7F1A-3BA3-47FA-BE90-88CBABC13B14}.Debug|Any CPU.ActiveCfg = Debug|Any CPU
		{496F7F1A-3BA3-47FA-BE90-88CBABC13B14}.Debug|Any CPU.Build.0 = Debug|Any CPU
		{496F7F1A-3BA3-47FA-BE90-88CBABC13B14}.Release|Any CPU.ActiveCfg = Release|Any CPU
		{496F7F1A-3BA3-47FA-BE90-88CBABC13B14}.Release|Any CPU.Build.0 = Release|Any CPU
		{7646D6A4-EAEE-4FEF-9DBA-7AA8903E6B34}.Debug|Any CPU.ActiveCfg = Debug|Any CPU
		{7646D6A4-EAEE-4FEF-9DBA-7AA8903E6B34}.Debug|Any CPU.Build.0 = Debug|Any CPU
		{7646D6A4-EAEE-4FEF-9DBA-7AA8903E6B34}.Debug|Any CPU.Deploy.0 = Debug|Any CPU
		{7646D6A4-EAEE-4FEF-9DBA-7AA8903E6B34}.Release|Any CPU.ActiveCfg = Release|Any CPU
		{7646D6A4-EAEE-4FEF-9DBA-7AA8903E6B34}.Release|Any CPU.Build.0 = Release|Any CPU
		{7646D6A4-EAEE-4FEF-9DBA-7AA8903E6B34}.Release|Any CPU.Deploy.0 = Release|Any CPU
	EndGlobalSection
	GlobalSection(SolutionProperties) = preSolution
		HideSolutionNode = FALSE
	EndGlobalSection
EndGlobal
