
Microsoft Visual Studio Solution File, Format Version 12.00
# Visual Studio 2012
Project("{FAE04EC0-301F-11D3-BF4B-00C04F79EFBC}") = "TvLeanback", "TvLeanback\TvLeanback.csproj", "{908007A2-6DBC-4C47-AD95-6B19DA926E8B}"
EndProject
Project("{FAE04EC0-301F-11D3-BF4B-00C04F79EFBC}") = "PicassoDroid", "Picasso\Picasso\PicassoDroid.csproj", "{C67ED37F-64BF-4E99-8F99-1CDB16646C17}"
EndProject
Global
	GlobalSection(SolutionConfigurationPlatforms) = preSolution
		Debug|Any CPU = Debug|Any CPU
		Release|Any CPU = Release|Any CPU
	EndGlobalSection
	GlobalSection(ProjectConfigurationPlatforms) = postSolution
		{908007A2-6DBC-4C47-AD95-6B19DA926E8B}.Debug|Any CPU.ActiveCfg = Debug|Any CPU
		{908007A2-6DBC-4C47-AD95-6B19DA926E8B}.Debug|Any CPU.Build.0 = Debug|Any CPU
		{908007A2-6DBC-4C47-AD95-6B19DA926E8B}.Release|Any CPU.ActiveCfg = Release|Any CPU
		{908007A2-6DBC-4C47-AD95-6B19DA926E8B}.Release|Any CPU.Build.0 = Release|Any CPU
		{C67ED37F-64BF-4E99-8F99-1CDB16646C17}.Debug|Any CPU.ActiveCfg = Debug|Any CPU
		{C67ED37F-64BF-4E99-8F99-1CDB16646C17}.Debug|Any CPU.Build.0 = Debug|Any CPU
		{C67ED37F-64BF-4E99-8F99-1CDB16646C17}.Release|Any CPU.ActiveCfg = Release|Any CPU
		{C67ED37F-64BF-4E99-8F99-1CDB16646C17}.Release|Any CPU.Build.0 = Release|Any CPU
	EndGlobalSection
	GlobalSection(MonoDevelopProperties) = preSolution
		StartupItem = TvLeanback\TvLeanback.csproj
	EndGlobalSection
EndGlobal
