Microsoft Visual Studio Solution File, Format Version 11.00
# Visual Studio 2010
Project("{FAE04EC0-301F-11D3-BF4B-00C04F79EFBC}") = "Mono.Samples.LabelledSections", "Mono.Samples.LabelledSections.csproj", "{6C68C2F8-E2D5-46C7-B150-5916C496A19C}"
EndProject
Global
	GlobalSection(SolutionConfigurationPlatforms) = preSolution
		Debug|Any CPU = Debug|Any CPU
		Release|Any CPU = Release|Any CPU
	EndGlobalSection
	GlobalSection(ProjectConfigurationPlatforms) = postSolution
		{6C68C2F8-E2D5-46C7-B150-5916C496A19C}.Debug|Any CPU.ActiveCfg = Debug|Any CPU
		{6C68C2F8-E2D5-46C7-B150-5916C496A19C}.Debug|Any CPU.Build.0 = Debug|Any CPU
		{6C68C2F8-E2D5-46C7-B150-5916C496A19C}.Debug|Any CPU.Deploy.0 = Debug|Any CPU
		{6C68C2F8-E2D5-46C7-B150-5916C496A19C}.Release|Any CPU.ActiveCfg = Release|Any CPU
		{6C68C2F8-E2D5-46C7-B150-5916C496A19C}.Release|Any CPU.Build.0 = Release|Any CPU
		{6C68C2F8-E2D5-46C7-B150-5916C496A19C}.Release|Any CPU.Deploy.0 = Release|Any CPU
	EndGlobalSection
	GlobalSection(SolutionProperties) = preSolution
		HideSolutionNode = FALSE
	EndGlobalSection
EndGlobal
