
Microsoft Visual Studio Solution File, Format Version 12.00
# Visual Studio 2012
Project("{FAE04EC0-301F-11D3-BF4B-00C04F79EFBC}") = "ElizaChat", "ElizaChat\ElizaChat.csproj", "{5931CB66-8C8A-4034-B514-0EA76638ABAB}"
EndProject
Global
	GlobalSection(SolutionConfigurationPlatforms) = preSolution
		Debug|Any CPU = Debug|Any CPU
		Release|Any CPU = Release|Any CPU
	EndGlobalSection
	GlobalSection(ProjectConfigurationPlatforms) = postSolution
		{5931CB66-8C8A-4034-B514-0EA76638ABAB}.Debug|Any CPU.ActiveCfg = Debug|Any CPU
		{5931CB66-8C8A-4034-B514-0EA76638ABAB}.Debug|Any CPU.Build.0 = Debug|Any CPU
		{5931CB66-8C8A-4034-B514-0EA76638ABAB}.Release|Any CPU.ActiveCfg = Release|Any CPU
		{5931CB66-8C8A-4034-B514-0EA76638ABAB}.Release|Any CPU.Build.0 = Release|Any CPU
	EndGlobalSection
	GlobalSection(MonoDevelopProperties) = preSolution
		StartupItem = ElizaChat\ElizaChat.csproj
	EndGlobalSection
EndGlobal
