Microsoft Visual Studio Solution File, Format Version 12.00
# Visual Studio 15
VisualStudioVersion = 15.0.26923.0
MinimumVisualStudioVersion = 10.0.40219.1
Project("{FAE04EC0-301F-11D3-BF4B-00C04F79EFBC}") = "PictureInPicture", "PictureInPicture\PictureInPicture.csproj", "{ED7AE281-D9AF-4AC3-B0D1-AF700A86EFED}"
EndProject
Global
	GlobalSection(SolutionConfigurationPlatforms) = preSolution
		Debug|Any CPU = Debug|Any CPU
		Release|Any CPU = Release|Any CPU
	EndGlobalSection
	GlobalSection(ProjectConfigurationPlatforms) = postSolution
		{ED7AE281-D9AF-4AC3-B0D1-AF700A86EFED}.Debug|Any CPU.ActiveCfg = Debug|Any CPU
		{ED7AE281-D9AF-4AC3-B0D1-AF700A86EFED}.Debug|Any CPU.Build.0 = Debug|Any CPU
		{ED7AE281-D9AF-4AC3-B0D1-AF700A86EFED}.Debug|Any CPU.Deploy.0 = Debug|Any CPU
		{ED7AE281-D9AF-4AC3-B0D1-AF700A86EFED}.Release|Any CPU.ActiveCfg = Release|Any CPU
		{ED7AE281-D9AF-4AC3-B0D1-AF700A86EFED}.Release|Any CPU.Build.0 = Release|Any CPU
		{ED7AE281-D9AF-4AC3-B0D1-AF700A86EFED}.Release|Any CPU.Deploy.0 = Release|Any CPU
	EndGlobalSection
	GlobalSection(SolutionProperties) = preSolution
		HideSolutionNode = FALSE
	EndGlobalSection
	GlobalSection(ExtensibilityGlobals) = postSolution
		SolutionGuid = {36A8AEE3-DE3A-4BD9-A4C1-C7B53A4AC7C2}
	EndGlobalSection
EndGlobal
