
Microsoft Visual Studio Solution File, Format Version 12.00
# Visual Studio 2012
Project("{FAE04EC0-301F-11D3-BF4B-00C04F79EFBC}") = "WatchViewStubSample", "WatchViewStub\WatchViewStubSample.csproj", "{D3E5316A-0A5E-4B74-AD4E-93F8F5910605}"
EndProject
Global
	GlobalSection(SolutionConfigurationPlatforms) = preSolution
		Debug|Any CPU = Debug|Any CPU
		Release|Any CPU = Release|Any CPU
	EndGlobalSection
	GlobalSection(ProjectConfigurationPlatforms) = postSolution
		{D3E5316A-0A5E-4B74-AD4E-93F8F5910605}.Debug|Any CPU.ActiveCfg = Debug|Any CPU
		{D3E5316A-0A5E-4B74-AD4E-93F8F5910605}.Debug|Any CPU.Build.0 = Debug|Any CPU
		{D3E5316A-0A5E-4B74-AD4E-93F8F5910605}.Release|Any CPU.ActiveCfg = Release|Any CPU
		{D3E5316A-0A5E-4B74-AD4E-93F8F5910605}.Release|Any CPU.Build.0 = Release|Any CPU
	EndGlobalSection
	GlobalSection(MonoDevelopProperties) = preSolution
		StartupItem = WatchViewStub\WatchViewStubSample.csproj
	EndGlobalSection
EndGlobal
