
Microsoft Visual Studio Solution File, Format Version 12.00
# Visual Studio 14
VisualStudioVersion = 14.0.22823.1
MinimumVisualStudioVersion = 10.0.40219.1
Project("{8BC9CEB8-8B4A-11D0-8D11-00A0C91BC942}") = "SanAngelesLibrary", "SanAngelesLibrary\SanAngelesLibrary.vcxproj", "{42AAAF21-3054-4A5C-9500-01CB43DA0543}"
EndProject
Project("{FAE04EC0-301F-11D3-BF4B-00C04F79EFBC}") = "SanAngeles", "SanAngeles\SanAngeles.csproj", "{4AD6DB9B-66D8-421C-9B15-1093E7F9A902}"
EndProject
Global
	GlobalSection(SolutionConfigurationPlatforms) = preSolution
		Debug|Any CPU = Debug|Any CPU
		Debug|ARM = Debug|ARM
		Debug|x86 = Debug|x86
		Release|Any CPU = Release|Any CPU
		Release|ARM = Release|ARM
		Release|x86 = Release|x86
	EndGlobalSection
	GlobalSection(ProjectConfigurationPlatforms) = postSolution
		{42AAAF21-3054-4A5C-9500-01CB43DA0543}.Debug|Any CPU.ActiveCfg = Debug|ARM
		{42AAAF21-3054-4A5C-9500-01CB43DA0543}.Debug|Any CPU.Build.0 = Debug|ARM
		{42AAAF21-3054-4A5C-9500-01CB43DA0543}.Debug|ARM.ActiveCfg = Debug|ARM
		{42AAAF21-3054-4A5C-9500-01CB43DA0543}.Debug|ARM.Build.0 = Debug|ARM
		{42AAAF21-3054-4A5C-9500-01CB43DA0543}.Debug|x86.ActiveCfg = Debug|x86
		{42AAAF21-3054-4A5C-9500-01CB43DA0543}.Debug|x86.Build.0 = Debug|x86
		{42AAAF21-3054-4A5C-9500-01CB43DA0543}.Release|Any CPU.ActiveCfg = Release|x86
		{42AAAF21-3054-4A5C-9500-01CB43DA0543}.Release|ARM.ActiveCfg = Release|ARM
		{42AAAF21-3054-4A5C-9500-01CB43DA0543}.Release|ARM.Build.0 = Release|ARM
		{42AAAF21-3054-4A5C-9500-01CB43DA0543}.Release|x86.ActiveCfg = Release|x86
		{42AAAF21-3054-4A5C-9500-01CB43DA0543}.Release|x86.Build.0 = Release|x86
		{4AD6DB9B-66D8-421C-9B15-1093E7F9A902}.Debug|Any CPU.ActiveCfg = Debug|Any CPU
		{4AD6DB9B-66D8-421C-9B15-1093E7F9A902}.Debug|Any CPU.Build.0 = Debug|Any CPU
		{4AD6DB9B-66D8-421C-9B15-1093E7F9A902}.Debug|Any CPU.Deploy.0 = Debug|Any CPU
		{4AD6DB9B-66D8-421C-9B15-1093E7F9A902}.Debug|ARM.ActiveCfg = Debug|Any CPU
		{4AD6DB9B-66D8-421C-9B15-1093E7F9A902}.Debug|ARM.Build.0 = Debug|Any CPU
		{4AD6DB9B-66D8-421C-9B15-1093E7F9A902}.Debug|ARM.Deploy.0 = Debug|Any CPU
		{4AD6DB9B-66D8-421C-9B15-1093E7F9A902}.Debug|x86.ActiveCfg = Debug|Any CPU
		{4AD6DB9B-66D8-421C-9B15-1093E7F9A902}.Debug|x86.Build.0 = Debug|Any CPU
		{4AD6DB9B-66D8-421C-9B15-1093E7F9A902}.Debug|x86.Deploy.0 = Debug|Any CPU
		{4AD6DB9B-66D8-421C-9B15-1093E7F9A902}.Release|Any CPU.ActiveCfg = Release|Any CPU
		{4AD6DB9B-66D8-421C-9B15-1093E7F9A902}.Release|Any CPU.Build.0 = Release|Any CPU
		{4AD6DB9B-66D8-421C-9B15-1093E7F9A902}.Release|Any CPU.Deploy.0 = Release|Any CPU
		{4AD6DB9B-66D8-421C-9B15-1093E7F9A902}.Release|ARM.ActiveCfg = Release|Any CPU
		{4AD6DB9B-66D8-421C-9B15-1093E7F9A902}.Release|ARM.Build.0 = Release|Any CPU
		{4AD6DB9B-66D8-421C-9B15-1093E7F9A902}.Release|ARM.Deploy.0 = Release|Any CPU
		{4AD6DB9B-66D8-421C-9B15-1093E7F9A902}.Release|x86.ActiveCfg = Release|Any CPU
		{4AD6DB9B-66D8-421C-9B15-1093E7F9A902}.Release|x86.Build.0 = Release|Any CPU
		{4AD6DB9B-66D8-421C-9B15-1093E7F9A902}.Release|x86.Deploy.0 = Release|Any CPU
	EndGlobalSection
	GlobalSection(SolutionProperties) = preSolution
		HideSolutionNode = FALSE
	EndGlobalSection
EndGlobal
