<?xml version="1.0" encoding="utf-8"?>
<Project ToolsVersion="4.0" xmlns="http://schemas.microsoft.com/developer/msbuild/2003">
  <ItemGroup>
    <ClInclude Include="pch.h" />
    <ClInclude Include="importgl.h" />
  </ItemGroup>
  <ItemGroup>
    <ClCompile Include="importgl.c" />
    <ClCompile Include="demo.c" />
    <ClCompile Include="app-android.c" />
  </ItemGroup>
  <ItemGroup>
    <Text Include="license.txt" />
    <Text Include="license-BSD.txt" />
    <Text Include="license-LGPL.txt" />
    <Text Include="README.txt" />
  </ItemGroup>
</Project>