
Microsoft Visual Studio Solution File, Format Version 12.00
# Visual Studio 2012
Project("{FAE04EC0-301F-11D3-BF4B-00C04F79EFBC}") = "GoogleIO2014Master", "GoogleIO2014Master\GoogleIO2014Master.csproj", "{34D5DB94-2E37-42D1-A110-FDF071053D8B}"
EndProject
Project("{FAE04EC0-301F-11D3-BF4B-00C04F79EFBC}") = "AndroidSvg", "AndroidSvg\AndroidSvg.csproj", "{276697E6-759E-430E-A810-46F223F5B580}"
EndProject
Global
	GlobalSection(SolutionConfigurationPlatforms) = preSolution
		Debug|Any CPU = Debug|Any CPU
		Release|Any CPU = Release|Any CPU
	EndGlobalSection
	GlobalSection(ProjectConfigurationPlatforms) = postSolution
		{276697E6-759E-430E-A810-46F223F5B580}.Debug|Any CPU.ActiveCfg = Debug|Any CPU
		{276697E6-759E-430E-A810-46F223F5B580}.Debug|Any CPU.Build.0 = Debug|Any CPU
		{276697E6-759E-430E-A810-46F223F5B580}.Release|Any CPU.ActiveCfg = Release|Any CPU
		{276697E6-759E-430E-A810-46F223F5B580}.Release|Any CPU.Build.0 = Release|Any CPU
		{34D5DB94-2E37-42D1-A110-FDF071053D8B}.Debug|Any CPU.ActiveCfg = Debug|Any CPU
		{34D5DB94-2E37-42D1-A110-FDF071053D8B}.Debug|Any CPU.Build.0 = Debug|Any CPU
		{34D5DB94-2E37-42D1-A110-FDF071053D8B}.Release|Any CPU.ActiveCfg = Release|Any CPU
		{34D5DB94-2E37-42D1-A110-FDF071053D8B}.Release|Any CPU.Build.0 = Release|Any CPU
	EndGlobalSection
EndGlobal
