
Microsoft Visual Studio Solution File, Format Version 11.00
# Visual Studio 2010
Project("{FAE04EC0-301F-11D3-BF4B-00C04F79EFBC}") = "OSMDroidTest", "OSMDroidTest\OSMDroidTest.csproj", "{A5233B57-0C95-4870-9602-4B179CCF6B5A}"
EndProject
Project("{FAE04EC0-301F-11D3-BF4B-00C04F79EFBC}") = "OsmDroid", "OsmDroidBinding\OsmDroid.csproj", "{F6F0D1F9-F1D0-4535-AAAE-F7737F606E06}"
EndProject
Project("{2150E333-8FDC-42A3-9474-1A3956D46DE8}") = "Solution Items", "Solution Items", "{F117757B-095A-4357-85AC-20561E3C4E57}"
	ProjectSection(SolutionItems) = preProject
		README.md = README.md
	EndProjectSection
EndProject
Global
	GlobalSection(SolutionConfigurationPlatforms) = preSolution
		Debug|Any CPU = Debug|Any CPU
		Release|Any CPU = Release|Any CPU
	EndGlobalSection
	GlobalSection(ProjectConfigurationPlatforms) = postSolution
		{A5233B57-0C95-4870-9602-4B179CCF6B5A}.Debug|Any CPU.ActiveCfg = Debug|Any CPU
		{A5233B57-0C95-4870-9602-4B179CCF6B5A}.Debug|Any CPU.Build.0 = Debug|Any CPU
		{A5233B57-0C95-4870-9602-4B179CCF6B5A}.Release|Any CPU.ActiveCfg = Release|Any CPU
		{A5233B57-0C95-4870-9602-4B179CCF6B5A}.Release|Any CPU.Build.0 = Release|Any CPU
		{F6F0D1F9-F1D0-4535-AAAE-F7737F606E06}.Debug|Any CPU.ActiveCfg = Debug|Any CPU
		{F6F0D1F9-F1D0-4535-AAAE-F7737F606E06}.Debug|Any CPU.Build.0 = Debug|Any CPU
		{F6F0D1F9-F1D0-4535-AAAE-F7737F606E06}.Release|Any CPU.ActiveCfg = Release|Any CPU
		{F6F0D1F9-F1D0-4535-AAAE-F7737F606E06}.Release|Any CPU.Build.0 = Release|Any CPU
	EndGlobalSection
	GlobalSection(NestedProjects) = preSolution
	EndGlobalSection
	GlobalSection(MonoDevelopProperties) = preSolution
		StartupItem = OSMDroidTest\OSMDroidTest.csproj
	EndGlobalSection
EndGlobal
