
Microsoft Visual Studio Solution File, Format Version 12.00
# Visual Studio 2012
Project("{FAE04EC0-301F-11D3-BF4B-00C04F79EFBC}") = "AndroidLSamples", "AndroidLSamples\AndroidLSamples.csproj", "{321FB2D5-3790-40AA-BFFB-EB18BE612C76}"
EndProject
Global
	GlobalSection(SolutionConfigurationPlatforms) = preSolution
		Debug|Any CPU = Debug|Any CPU
		Release|Any CPU = Release|Any CPU
	EndGlobalSection
	GlobalSection(ProjectConfigurationPlatforms) = postSolution
		{321FB2D5-3790-40AA-BFFB-EB18BE612C76}.Debug|Any CPU.ActiveCfg = Debug|Any CPU
		{321FB2D5-3790-40AA-BFFB-EB18BE612C76}.Debug|Any CPU.Build.0 = Debug|Any CPU
		{321FB2D5-3790-40AA-BFFB-EB18BE612C76}.Release|Any CPU.ActiveCfg = Release|Any CPU
		{321FB2D5-3790-40AA-BFFB-EB18BE612C76}.Release|Any CPU.Build.0 = Release|Any CPU
	EndGlobalSection
	GlobalSection(MonoDevelopProperties) = preSolution
		StartupItem = AndroidLSamples\AndroidLSamples.csproj
	EndGlobalSection
EndGlobal
