
Microsoft Visual Studio Solution File, Format Version 11.00
# Visual Studio 2010
Project("{FAE04EC0-301F-11D3-BF4B-00C04F79EFBC}") = "TimeAnimatorExample", "TimeAnimatorExample\TimeAnimatorExample.csproj", "{5D898F8D-4DB9-492F-9670-802DFB1A677F}"
EndProject
Global
	GlobalSection(SolutionConfigurationPlatforms) = preSolution
		Debug|Any CPU = Debug|Any CPU
		Release|Any CPU = Release|Any CPU
	EndGlobalSection
	GlobalSection(ProjectConfigurationPlatforms) = postSolution
		{5D898F8D-4DB9-492F-9670-802DFB1A677F}.Debug|Any CPU.ActiveCfg = Debug|Any CPU
		{5D898F8D-4DB9-492F-9670-802DFB1A677F}.Debug|Any CPU.Build.0 = Debug|Any CPU
		{5D898F8D-4DB9-492F-9670-802DFB1A677F}.Debug|Any CPU.Deploy.0 = Debug|Any CPU
		{5D898F8D-4DB9-492F-9670-802DFB1A677F}.Release|Any CPU.ActiveCfg = Release|Any CPU
		{5D898F8D-4DB9-492F-9670-802DFB1A677F}.Release|Any CPU.Build.0 = Release|Any CPU
		{5D898F8D-4DB9-492F-9670-802DFB1A677F}.Release|Any CPU.Deploy.0 = Release|Any CPU
	EndGlobalSection
	GlobalSection(SolutionProperties) = preSolution
		HideSolutionNode = FALSE
	EndGlobalSection
EndGlobal
