
Microsoft Visual Studio Solution File, Format Version 11.00
# Visual Studio 2010
Project("{FAE04EC0-301F-11D3-BF4B-00C04F79EFBC}") = "MapsAndLocationDemo", "MapsAndLocationDemo\MapsAndLocationDemo.csproj", "{2CC80FD8-6BDC-4872-A554-B3A2F6BEDC8F}"
EndProject
Project("{FAE04EC0-301F-11D3-BF4B-00C04F79EFBC}") = "GooglePlayServices", "GooglePlayServices\GooglePlayServices.csproj", "{C388951C-C427-4F44-A54B-5A64BAE0DA39}"
EndProject
Global
	GlobalSection(SolutionConfigurationPlatforms) = preSolution
		Debug|Any CPU = Debug|Any CPU
		Release|Any CPU = Release|Any CPU
	EndGlobalSection
	GlobalSection(ProjectConfigurationPlatforms) = postSolution
		{2CC80FD8-6BDC-4872-A554-B3A2F6BEDC8F}.Debug|Any CPU.ActiveCfg = Debug|Any CPU
		{2CC80FD8-6BDC-4872-A554-B3A2F6BEDC8F}.Debug|Any CPU.Build.0 = Debug|Any CPU
		{2CC80FD8-6BDC-4872-A554-B3A2F6BEDC8F}.Release|Any CPU.ActiveCfg = Release|Any CPU
		{2CC80FD8-6BDC-4872-A554-B3A2F6BEDC8F}.Release|Any CPU.Build.0 = Release|Any CPU
		{C388951C-C427-4F44-A54B-5A64BAE0DA39}.Debug|Any CPU.ActiveCfg = Debug|Any CPU
		{C388951C-C427-4F44-A54B-5A64BAE0DA39}.Debug|Any CPU.Build.0 = Debug|Any CPU
		{C388951C-C427-4F44-A54B-5A64BAE0DA39}.Release|Any CPU.ActiveCfg = Release|Any CPU
		{C388951C-C427-4F44-A54B-5A64BAE0DA39}.Release|Any CPU.Build.0 = Release|Any CPU
	EndGlobalSection
	GlobalSection(MonoDevelopProperties) = preSolution
		StartupItem = MapsAndLocationDemo\MapsAndLocationDemo.csproj
	EndGlobalSection
EndGlobal
