
Microsoft Visual Studio Solution File, Format Version 12.00
# Visual Studio 2012
Project("{FAE04EC0-301F-11D3-BF4B-00C04F79EFBC}") = "EmojiCompat", "EmojiCompat\EmojiCompat.csproj", "{9022D4C4-DFB9-4D3E-A3DF-B65185F2A696}"
EndProject
Global
	GlobalSection(SolutionConfigurationPlatforms) = preSolution
		Debug|Any CPU = Debug|Any CPU
		Release|Any CPU = Release|Any CPU
	EndGlobalSection
	GlobalSection(ProjectConfigurationPlatforms) = postSolution
		{9022D4C4-DFB9-4D3E-A3DF-B65185F2A696}.Debug|Any CPU.ActiveCfg = Debug|Any CPU
		{9022D4C4-DFB9-4D3E-A3DF-B65185F2A696}.Debug|Any CPU.Build.0 = Debug|Any CPU
		{9022D4C4-DFB9-4D3E-A3DF-B65185F2A696}.Release|Any CPU.ActiveCfg = Release|Any CPU
		{9022D4C4-DFB9-4D3E-A3DF-B65185F2A696}.Release|Any CPU.Build.0 = Release|Any CPU
	EndGlobalSection
EndGlobal
