
Microsoft Visual Studio Solution File, Format Version 12.00
# Visual Studio Version 17
VisualStudioVersion = 17.3.32611.2
MinimumVisualStudioVersion = 10.0.40219.1
Project("{FAE04EC0-301F-11D3-BF4B-00C04F79EFBC}") = "UpdateUsersProfile", "UpdateUsersProfile.csproj", "{E434AC58-B83D-4A9F-87DD-363402C978A1}"
EndProject
Global
	GlobalSection(SolutionConfigurationPlatforms) = preSolution
		Debug|Any CPU = Debug|Any CPU
		Release|Any CPU = Release|Any CPU
	EndGlobalSection
	GlobalSection(ProjectConfigurationPlatforms) = postSolution
		{E434AC58-B83D-4A9F-87DD-363402C978A1}.Debug|Any CPU.ActiveCfg = Debug|Any CPU
		{E434AC58-B83D-4A9F-87DD-363402C978A1}.Debug|Any CPU.Build.0 = Debug|Any CPU
		{E434AC58-B83D-4A9F-87DD-363402C978A1}.Debug|Any CPU.Deploy.0 = Debug|Any CPU
		{E434AC58-B83D-4A9F-87DD-363402C978A1}.Release|Any CPU.ActiveCfg = Release|Any CPU
		{E434AC58-B83D-4A9F-87DD-363402C978A1}.Release|Any CPU.Build.0 = Release|Any CPU
		{E434AC58-B83D-4A9F-87DD-363402C978A1}.Release|Any CPU.Deploy.0 = Release|Any CPU
	EndGlobalSection
	GlobalSection(SolutionProperties) = preSolution
		HideSolutionNode = FALSE
	EndGlobalSection
	GlobalSection(ExtensibilityGlobals) = postSolution
		SolutionGuid = {750BA47A-692F-44B3-B51A-1EF7F94AAABF}
	EndGlobalSection
EndGlobal
