
Microsoft Visual Studio Solution File, Format Version 12.00
# Visual Studio 2012
Project("{FAE04EC0-301F-11D3-BF4B-00C04F79EFBC}") = "ActionBarCompat-ListPopupMenu", "ActionBarCompat-ListPopupMenu.csproj", "{2BFC6593-E734-44EE-B8B9-5DFE604C47E6}"
EndProject
Global
	GlobalSection(SolutionConfigurationPlatforms) = preSolution
		Debug|Any CPU = Debug|Any CPU
		Release|Any CPU = Release|Any CPU
	EndGlobalSection
	GlobalSection(ProjectConfigurationPlatforms) = postSolution
		{2BFC6593-E734-44EE-B8B9-5DFE604C47E6}.Debug|Any CPU.ActiveCfg = Debug|Any CPU
		{2BFC6593-E734-44EE-B8B9-5DFE604C47E6}.Debug|Any CPU.Build.0 = Debug|Any CPU
		{2BFC6593-E734-44EE-B8B9-5DFE604C47E6}.Release|Any CPU.ActiveCfg = Release|Any CPU
		{2BFC6593-E734-44EE-B8B9-5DFE604C47E6}.Release|Any CPU.Build.0 = Release|Any CPU
	EndGlobalSection
EndGlobal
