
Microsoft Visual Studio Solution File, Format Version 11.00
# Visual Studio 2010
Project("{FAE04EC0-301F-11D3-BF4B-00C04F79EFBC}") = "FingerprintDialog", "FingerprintDialog.csproj", "{FE81098D-DD44-4028-8E1E-99D9144C2B4C}"
EndProject
Global
	GlobalSection(SolutionConfigurationPlatforms) = preSolution
		Debug|Any CPU = Debug|Any CPU
		Release|Any CPU = Release|Any CPU
	EndGlobalSection
	GlobalSection(ProjectConfigurationPlatforms) = postSolution
		{FE81098D-DD44-4028-8E1E-99D9144C2B4C}.Debug|Any CPU.ActiveCfg = Debug|Any CPU
		{FE81098D-DD44-4028-8E1E-99D9144C2B4C}.Debug|Any CPU.Build.0 = Debug|Any CPU
		{FE81098D-DD44-4028-8E1E-99D9144C2B4C}.Release|Any CPU.ActiveCfg = Release|Any CPU
		{FE81098D-DD44-4028-8E1E-99D9144C2B4C}.Release|Any CPU.Build.0 = Release|Any CPU
	EndGlobalSection
EndGlobal
