
Microsoft Visual Studio Solution File, Format Version 12.00
# Visual Studio Version 17
VisualStudioVersion = 17.3.32519.111
MinimumVisualStudioVersion = 10.0.40219.1
Project("{FAE04EC0-301F-11D3-BF4B-00C04F79EFBC}") = "Button", "Button\Button.csproj", "{6718B810-3374-4B91-A10D-BE95A40BABA2}"
EndProject
Global
	GlobalSection(SolutionConfigurationPlatforms) = preSolution
		Debug|Any CPU = Debug|Any CPU
		Release|Any CPU = Release|Any CPU
	EndGlobalSection
	GlobalSection(ProjectConfigurationPlatforms) = postSolution
		{6718B810-3374-4B91-A10D-BE95A40BABA2}.Debug|Any CPU.ActiveCfg = Debug|Any CPU
		{6718B810-3374-4B91-A10D-BE95A40BABA2}.Debug|Any CPU.Build.0 = Debug|Any CPU
		{6718B810-3374-4B91-A10D-BE95A40BABA2}.Debug|Any CPU.Deploy.0 = Debug|Any CPU
		{6718B810-3374-4B91-A10D-BE95A40BABA2}.Release|Any CPU.ActiveCfg = Release|Any CPU
		{6718B810-3374-4B91-A10D-BE95A40BABA2}.Release|Any CPU.Build.0 = Release|Any CPU
		{6718B810-3374-4B91-A10D-BE95A40BABA2}.Release|Any CPU.Deploy.0 = Release|Any CPU
	EndGlobalSection
	GlobalSection(SolutionProperties) = preSolution
		HideSolutionNode = FALSE
	EndGlobalSection
	GlobalSection(ExtensibilityGlobals) = postSolution
		SolutionGuid = {87F7BF16-6B87-4D3B-9EF4-C69B7A1112D0}
	EndGlobalSection
EndGlobal
