
Microsoft Visual Studio Solution File, Format Version 12.00
# Visual Studio 15
VisualStudioVersion = 15.0.27004.2009
MinimumVisualStudioVersion = 10.0.40219.1
Project("{FAE04EC0-301F-11D3-BF4B-00C04F79EFBC}") = "BasicLocationSample", "BasicLocationSample\BasicLocationSample.csproj", "{95105F18-BE1A-4B84-8FC4-1385F9F066A8}"
EndProject
Global
	GlobalSection(SolutionConfigurationPlatforms) = preSolution
		Debug|Any CPU = Debug|Any CPU
		Release|Any CPU = Release|Any CPU
	EndGlobalSection
	GlobalSection(ProjectConfigurationPlatforms) = postSolution
		{95105F18-BE1A-4B84-8FC4-1385F9F066A8}.Debug|Any CPU.ActiveCfg = Debug|Any CPU
		{95105F18-BE1A-4B84-8FC4-1385F9F066A8}.Debug|Any CPU.Build.0 = Debug|Any CPU
		{95105F18-BE1A-4B84-8FC4-1385F9F066A8}.Debug|Any CPU.Deploy.0 = Debug|Any CPU
		{95105F18-BE1A-4B84-8FC4-1385F9F066A8}.Release|Any CPU.ActiveCfg = Release|Any CPU
		{95105F18-BE1A-4B84-8FC4-1385F9F066A8}.Release|Any CPU.Build.0 = Release|Any CPU
	EndGlobalSection
	GlobalSection(SolutionProperties) = preSolution
		HideSolutionNode = FALSE
	EndGlobalSection
	GlobalSection(ExtensibilityGlobals) = postSolution
		SolutionGuid = {B6D6CAE5-21FB-4618-A0C7-824AE0C0BA3F}
	EndGlobalSection
EndGlobal
