
Microsoft Visual Studio Solution File, Format Version 12.00
# Visual Studio 2012
Project("{FAE04EC0-301F-11D3-BF4B-00C04F79EFBC}") = "AppInvite", "AppInvite\AppInvite.csproj", "{DC85A2D1-D817-4928-BF81-17AD209BDA27}"
EndProject
Global
	GlobalSection(SolutionConfigurationPlatforms) = preSolution
		Debug|Any CPU = Debug|Any CPU
		Release|Any CPU = Release|Any CPU
	EndGlobalSection
	GlobalSection(ProjectConfigurationPlatforms) = postSolution
		{DC85A2D1-D817-4928-BF81-17AD209BDA27}.Debug|Any CPU.ActiveCfg = Debug|Any CPU
		{DC85A2D1-D817-4928-BF81-17AD209BDA27}.Debug|Any CPU.Build.0 = Debug|Any CPU
		{DC85A2D1-D817-4928-BF81-17AD209BDA27}.Release|Any CPU.ActiveCfg = Release|Any CPU
		{DC85A2D1-D817-4928-BF81-17AD209BDA27}.Release|Any CPU.Build.0 = Release|Any CPU
	EndGlobalSection
EndGlobal
