
Microsoft Visual Studio Solution File, Format Version 12.00
# Visual Studio Version 17
VisualStudioVersion = 17.3.32512.399
MinimumVisualStudioVersion = 10.0.40219.1
Project("{9A19103F-16F7-4668-BE54-9A1E7A4F7556}") = "ActivityLifecycle", "ActivityLifecycle.csproj", "{D0B18553-F12F-4F73-9375-9840A27073A0}"
EndProject
Global
	GlobalSection(SolutionConfigurationPlatforms) = preSolution
		Debug|Any CPU = Debug|Any CPU
		Release|Any CPU = Release|Any CPU
	EndGlobalSection
	GlobalSection(ProjectConfigurationPlatforms) = postSolution
		{D0B18553-F12F-4F73-9375-9840A27073A0}.Debug|Any CPU.ActiveCfg = Debug|Any CPU
		{D0B18553-F12F-4F73-9375-9840A27073A0}.Debug|Any CPU.Build.0 = Debug|Any CPU
		{D0B18553-F12F-4F73-9375-9840A27073A0}.Debug|Any CPU.Deploy.0 = Debug|Any CPU
		{D0B18553-F12F-4F73-9375-9840A27073A0}.Release|Any CPU.ActiveCfg = Release|Any CPU
		{D0B18553-F12F-4F73-9375-9840A27073A0}.Release|Any CPU.Build.0 = Release|Any CPU
		{D0B18553-F12F-4F73-9375-9840A27073A0}.Release|Any CPU.Deploy.0 = Release|Any CPU
	EndGlobalSection
	GlobalSection(SolutionProperties) = preSolution
		HideSolutionNode = FALSE
	EndGlobalSection
	GlobalSection(ExtensibilityGlobals) = postSolution
		SolutionGuid = {0DA60B70-B72A-4DAD-900B-5DC8B42D9508}
	EndGlobalSection
EndGlobal
