
Microsoft Visual Studio Solution File, Format Version 11.00
# Visual Studio 2010
Project("{FAE04EC0-301F-11D3-BF4B-00C04F79EFBC}") = "ContactsProviderDemo", "ContactsProviderDemo\ContactsProviderDemo.csproj", "{9687510F-4D8B-462C-9700-EE9E7D0795A5}"
EndProject
Global
	GlobalSection(SolutionConfigurationPlatforms) = preSolution
		Debug|Any CPU = Debug|Any CPU
		Release|Any CPU = Release|Any CPU
	EndGlobalSection
	GlobalSection(ProjectConfigurationPlatforms) = postSolution
		{9687510F-4D8B-462C-9700-EE9E7D0795A5}.Debug|Any CPU.ActiveCfg = Debug|Any CPU
		{9687510F-4D8B-462C-9700-EE9E7D0795A5}.Debug|Any CPU.Build.0 = Debug|Any CPU
		{9687510F-4D8B-462C-9700-EE9E7D0795A5}.Release|Any CPU.ActiveCfg = Release|Any CPU
		{9687510F-4D8B-462C-9700-EE9E7D0795A5}.Release|Any CPU.Build.0 = Release|Any CPU
	EndGlobalSection
	GlobalSection(MonoDevelopProperties) = preSolution
		StartupItem = ContactsProviderDemo\ContactsProviderDemo.csproj
	EndGlobalSection
EndGlobal
