
Microsoft Visual Studio Solution File, Format Version 11.00
# Visual Studio 2010
Project("{FAE04EC0-301F-11D3-BF4B-00C04F79EFBC}") = "SystemUIVisibilityDemo", "SystemUIVisibilityDemo\SystemUIVisibilityDemo.csproj", "{19E3A733-D94D-4DB1-B633-F0D305878163}"
EndProject
Global
	GlobalSection(SolutionConfigurationPlatforms) = preSolution
		Debug|Any CPU = Debug|Any CPU
		Release|Any CPU = Release|Any CPU
	EndGlobalSection
	GlobalSection(ProjectConfigurationPlatforms) = postSolution
		{19E3A733-D94D-4DB1-B633-F0D305878163}.Debug|Any CPU.ActiveCfg = Debug|Any CPU
		{19E3A733-D94D-4DB1-B633-F0D305878163}.Debug|Any CPU.Build.0 = Debug|Any CPU
		{19E3A733-D94D-4DB1-B633-F0D305878163}.Release|Any CPU.ActiveCfg = Release|Any CPU
		{19E3A733-D94D-4DB1-B633-F0D305878163}.Release|Any CPU.Build.0 = Release|Any CPU
	EndGlobalSection
	GlobalSection(MonoDevelopProperties) = preSolution
		StartupItem = SystemUIVisibilityDemo\SystemUIVisibilityDemo.csproj
	EndGlobalSection
EndGlobal
