
Microsoft Visual Studio Solution File, Format Version 12.00
# Visual Studio 2012
Project("{FAE04EC0-301F-11D3-BF4B-00C04F79EFBC}") = "LocationDemo", "LocationDemo\LocationDemo.csproj", "{1316AF9A-0FBD-424F-B88C-2372661304DF}"
EndProject
Project("{FAE04EC0-301F-11D3-BF4B-00C04F79EFBC}") = "SimpleMapDemo", "SimpleMapDemo\SimpleMapDemo.csproj", "{9999E674-10DA-49B2-91B3-D861F058939F}"
EndProject
Global
	GlobalSection(SolutionConfigurationPlatforms) = preSolution
		Debug|Any CPU = Debug|Any CPU
		Release|Any CPU = Release|Any CPU
	EndGlobalSection
	GlobalSection(ProjectConfigurationPlatforms) = postSolution
		{1316AF9A-0FBD-424F-B88C-2372661304DF}.Debug|Any CPU.ActiveCfg = Debug|Any CPU
		{1316AF9A-0FBD-424F-B88C-2372661304DF}.Debug|Any CPU.Build.0 = Debug|Any CPU
		{1316AF9A-0FBD-424F-B88C-2372661304DF}.Release|Any CPU.ActiveCfg = Release|Any CPU
		{1316AF9A-0FBD-424F-B88C-2372661304DF}.Release|Any CPU.Build.0 = Release|Any CPU
		{9999E674-10DA-49B2-91B3-D861F058939F}.Debug|Any CPU.ActiveCfg = Debug|Any CPU
		{9999E674-10DA-49B2-91B3-D861F058939F}.Debug|Any CPU.Build.0 = Debug|Any CPU
		{9999E674-10DA-49B2-91B3-D861F058939F}.Release|Any CPU.ActiveCfg = Release|Any CPU
		{9999E674-10DA-49B2-91B3-D861F058939F}.Release|Any CPU.Build.0 = Release|Any CPU
	EndGlobalSection
	GlobalSection(MonoDevelopProperties) = preSolution
		StartupItem = SimpleMapDemo\SimpleMapDemo.csproj
	EndGlobalSection
	GlobalSection(SolutionProperties) = preSolution
		HideSolutionNode = FALSE
	EndGlobalSection
EndGlobal
