
Microsoft Visual Studio Solution File, Format Version 12.00
# Visual Studio 2012
Project("{FAE04EC0-301F-11D3-BF4B-00C04F79EFBC}") = "SigninQuickstart", "SigninQuickstart\SigninQuickstart.csproj", "{FBE12E94-E22A-4CB4-BB7D-68BB0A33DA75}"
EndProject
Global
	GlobalSection(SolutionConfigurationPlatforms) = preSolution
		Debug|Any CPU = Debug|Any CPU
		Release|Any CPU = Release|Any CPU
	EndGlobalSection
	GlobalSection(ProjectConfigurationPlatforms) = postSolution
		{FBE12E94-E22A-4CB4-BB7D-68BB0A33DA75}.Debug|Any CPU.ActiveCfg = Debug|Any CPU
		{FBE12E94-E22A-4CB4-BB7D-68BB0A33DA75}.Debug|Any CPU.Build.0 = Debug|Any CPU
		{FBE12E94-E22A-4CB4-BB7D-68BB0A33DA75}.Release|Any CPU.ActiveCfg = Release|Any CPU
		{FBE12E94-E22A-4CB4-BB7D-68BB0A33DA75}.Release|Any CPU.Build.0 = Release|Any CPU
	EndGlobalSection
EndGlobal
