
Microsoft Visual Studio Solution File, Format Version 12.00
# Visual Studio Version 17
VisualStudioVersion = 17.3.32519.111
MinimumVisualStudioVersion = 10.0.40219.1
Project("{FAE04EC0-301F-11D3-BF4B-00C04F79EFBC}") = "Phoneword", "Phoneword\Phoneword.csproj", "{9C2983B9-50D8-4BD8-93B7-72027DE935E8}"
EndProject
Global
	GlobalSection(SolutionConfigurationPlatforms) = preSolution
		Debug|Any CPU = Debug|Any CPU
		Release|Any CPU = Release|Any CPU
	EndGlobalSection
	GlobalSection(ProjectConfigurationPlatforms) = postSolution
		{9C2983B9-50D8-4BD8-93B7-72027DE935E8}.Debug|Any CPU.ActiveCfg = Debug|Any CPU
		{9C2983B9-50D8-4BD8-93B7-72027DE935E8}.Debug|Any CPU.Build.0 = Debug|Any CPU
		{9C2983B9-50D8-4BD8-93B7-72027DE935E8}.Debug|Any CPU.Deploy.0 = Debug|Any CPU
		{9C2983B9-50D8-4BD8-93B7-72027DE935E8}.Release|Any CPU.ActiveCfg = Release|Any CPU
		{9C2983B9-50D8-4BD8-93B7-72027DE935E8}.Release|Any CPU.Build.0 = Release|Any CPU
		{9C2983B9-50D8-4BD8-93B7-72027DE935E8}.Release|Any CPU.Deploy.0 = Release|Any CPU
	EndGlobalSection
	GlobalSection(SolutionProperties) = preSolution
		HideSolutionNode = FALSE
	EndGlobalSection
	GlobalSection(ExtensibilityGlobals) = postSolution
		SolutionGuid = {F4BD4825-E0F1-4313-BD5C-D9877C7D0635}
	EndGlobalSection
EndGlobal
