
Microsoft Visual Studio Solution File, Format Version 12.00
# Visual Studio 2012
Project("{FAE04EC0-301F-11D3-BF4B-00C04F79EFBC}") = "GCMSample", "GCMSample\GCMSample.csproj", "{11E7ACE1-A43A-425B-B17D-5EE5EF87700C}"
EndProject
Project("{FAE04EC0-301F-11D3-BF4B-00C04F79EFBC}") = "GcmSender", "GcmSender\GcmSender.csproj", "{936E2A71-B7E2-4AB1-86D9-1892A19A10D7}"
EndProject
Global
	GlobalSection(SolutionConfigurationPlatforms) = preSolution
		Debug|Any CPU = Debug|Any CPU
		Release|Any CPU = Release|Any CPU
	EndGlobalSection
	GlobalSection(ProjectConfigurationPlatforms) = postSolution
		{11E7ACE1-A43A-425B-B17D-5EE5EF87700C}.Debug|Any CPU.ActiveCfg = Debug|Any CPU
		{11E7ACE1-A43A-425B-B17D-5EE5EF87700C}.Debug|Any CPU.Build.0 = Debug|Any CPU
		{11E7ACE1-A43A-425B-B17D-5EE5EF87700C}.Release|Any CPU.ActiveCfg = Release|Any CPU
		{11E7ACE1-A43A-425B-B17D-5EE5EF87700C}.Release|Any CPU.Build.0 = Release|Any CPU
		{936E2A71-B7E2-4AB1-86D9-1892A19A10D7}.Debug|Any CPU.ActiveCfg = Debug|Any CPU
		{936E2A71-B7E2-4AB1-86D9-1892A19A10D7}.Debug|Any CPU.Build.0 = Debug|Any CPU
		{936E2A71-B7E2-4AB1-86D9-1892A19A10D7}.Release|Any CPU.ActiveCfg = Release|Any CPU
		{936E2A71-B7E2-4AB1-86D9-1892A19A10D7}.Release|Any CPU.Build.0 = Release|Any CPU
	EndGlobalSection
EndGlobal
