
Microsoft Visual Studio Solution File, Format Version 12.00
# Visual Studio 2012
Project("{FAE04EC0-301F-11D3-BF4B-00C04F79EFBC}") = "Application", "Application\Application.csproj", "{074C7F3C-8417-4243-A0EB-6E4A402FFA36}"
EndProject
Project("{FAE04EC0-301F-11D3-BF4B-00C04F79EFBC}") = "Wearable", "Wearable\Wearable.csproj", "{A946B582-2FBE-4A70-82B5-38772DA65865}"
EndProject
Global
	GlobalSection(SolutionConfigurationPlatforms) = preSolution
		Debug|Any CPU = Debug|Any CPU
		Release|Any CPU = Release|Any CPU
	EndGlobalSection
	GlobalSection(ProjectConfigurationPlatforms) = postSolution
		{074C7F3C-8417-4243-A0EB-6E4A402FFA36}.Debug|Any CPU.ActiveCfg = Debug|Any CPU
		{074C7F3C-8417-4243-A0EB-6E4A402FFA36}.Debug|Any CPU.Build.0 = Debug|Any CPU
		{074C7F3C-8417-4243-A0EB-6E4A402FFA36}.Release|Any CPU.ActiveCfg = Release|Any CPU
		{074C7F3C-8417-4243-A0EB-6E4A402FFA36}.Release|Any CPU.Build.0 = Release|Any CPU
		{A946B582-2FBE-4A70-82B5-38772DA65865}.Debug|Any CPU.ActiveCfg = Debug|Any CPU
		{A946B582-2FBE-4A70-82B5-38772DA65865}.Debug|Any CPU.Build.0 = Debug|Any CPU
		{A946B582-2FBE-4A70-82B5-38772DA65865}.Release|Any CPU.ActiveCfg = Release|Any CPU
		{A946B582-2FBE-4A70-82B5-38772DA65865}.Release|Any CPU.Build.0 = Release|Any CPU
	EndGlobalSection
	GlobalSection(MonoDevelopProperties) = preSolution
		StartupItem = Wearable\Wearable.csproj
	EndGlobalSection
EndGlobal
