
Microsoft Visual Studio Solution File, Format Version 12.00
# Visual Studio 15
VisualStudioVersion = 15.0.27906.1
MinimumVisualStudioVersion = 10.0.40219.1
Project("{FAE04EC0-301F-11D3-BF4B-00C04F79EFBC}") = "AndroidPMiniDemo", "AndroidPMiniDemo\AndroidPMiniDemo.csproj", "{FF75EF70-3698-4889-B371-0D88EDA91495}"
EndProject
Global
	GlobalSection(SolutionConfigurationPlatforms) = preSolution
		Debug|Any CPU = Debug|Any CPU
		Release|Any CPU = Release|Any CPU
	EndGlobalSection
	GlobalSection(ProjectConfigurationPlatforms) = postSolution
		{FF75EF70-3698-4889-B371-0D88EDA91495}.Debug|Any CPU.ActiveCfg = Debug|Any CPU
		{FF75EF70-3698-4889-B371-0D88EDA91495}.Debug|Any CPU.Build.0 = Debug|Any CPU
		{FF75EF70-3698-4889-B371-0D88EDA91495}.Debug|Any CPU.Deploy.0 = Debug|Any CPU
		{FF75EF70-3698-4889-B371-0D88EDA91495}.Release|Any CPU.ActiveCfg = Release|Any CPU
		{FF75EF70-3698-4889-B371-0D88EDA91495}.Release|Any CPU.Build.0 = Release|Any CPU
		{FF75EF70-3698-4889-B371-0D88EDA91495}.Release|Any CPU.Deploy.0 = Release|Any CPU
	EndGlobalSection
	GlobalSection(SolutionProperties) = preSolution
		HideSolutionNode = FALSE
	EndGlobalSection
	GlobalSection(ExtensibilityGlobals) = postSolution
		SolutionGuid = {536E15A8-EB94-40E1-B163-16EC86979197}
	EndGlobalSection
EndGlobal
