
Microsoft Visual Studio Solution File, Format Version 11.00
# Visual Studio 2010
Project("{FAE04EC0-301F-11D3-BF4B-00C04F79EFBC}") = "BorderlessButtons", "BorderlessButtons.csproj", "{354BAC6D-B0C0-497F-A0D9-65DCFA1B9A77}"
EndProject
Global
	GlobalSection(SolutionConfigurationPlatforms) = preSolution
		Debug|Any CPU = Debug|Any CPU
		Release|Any CPU = Release|Any CPU
	EndGlobalSection
	GlobalSection(ProjectConfigurationPlatforms) = postSolution
		{354BAC6D-B0C0-497F-A0D9-65DCFA1B9A77}.Debug|Any CPU.ActiveCfg = Debug|Any CPU
		{354BAC6D-B0C0-497F-A0D9-65DCFA1B9A77}.Debug|Any CPU.Build.0 = Debug|Any CPU
		{354BAC6D-B0C0-497F-A0D9-65DCFA1B9A77}.Release|Any CPU.ActiveCfg = Release|Any CPU
		{354BAC6D-B0C0-497F-A0D9-65DCFA1B9A77}.Release|Any CPU.Build.0 = Release|Any CPU
	EndGlobalSection
	GlobalSection(MonoDevelopProperties) = preSolution
		StartupItem = BorderlessButtons.csproj
	EndGlobalSection
EndGlobal
