
Microsoft Visual Studio Solution File, Format Version 11.00
# Visual Studio 2010
Project("{FAE04EC0-301F-11D3-BF4B-00C04F79EFBC}") = "GLCube", "OpenTK\GLCube\GLCube.csproj", "{73A74ADF-6308-42A0-8BA6-2B5D53238536}"
Project("{FAE04EC0-301F-11D3-BF4B-00C04F79EFBC}") = "TexturedCube", "OpenTK\TexturedCube\TexturedCube.csproj", "{73A74ADF-6308-42A0-8BA6-2B5D53238537}"
Project("{FAE04EC0-301F-11D3-BF4B-00C04F79EFBC}") = "GLTriangle20", "OpenTK\GLTriangle20\GLTriangle20.csproj", "{73A74ADF-6308-42A0-8BA6-2B5D53238538}"
Project("{FAE04EC0-301F-11D3-BF4B-00C04F79EFBC}") = "GLDiag", "OpenTK\GLDiagnostics\GLDiag.csproj", "{73A74ADF-6308-42A0-8BA6-2B5D53238539}"

Project("{FAE04EC0-301F-11D3-BF4B-00C04F79EFBC}") = "GLCube", "OpenTK-1.0\GLCube\GLCube.csproj", "{73A74ADF-6308-42A0-8BA6-2B5D53238546}"
Project("{FAE04EC0-301F-11D3-BF4B-00C04F79EFBC}") = "TexturedCube", "OpenTK-1.0\TexturedCube\TexturedCube.csproj", "{73A74ADF-6308-42A0-8BA6-2B5D53238547}"
Project("{FAE04EC0-301F-11D3-BF4B-00C04F79EFBC}") = "GLTriangle20", "OpenTK-1.0\GLTriangle20\GLTriangle20.csproj", "{73A74ADF-6308-42A0-8BA6-2B5D53238548}"
Project("{FAE04EC0-301F-11D3-BF4B-00C04F79EFBC}") = "GLDiag", "OpenTK-1.0\GLDiagnostics\GLDiag.csproj", "{73A74ADF-6308-42A0-8BA6-2B5D53238549}"
EndProject
Global
	GlobalSection(SolutionConfigurationPlatforms) = preSolution
		Debug|Any CPU = Debug|Any CPU
		Release|Any CPU = Release|Any CPU
	EndGlobalSection
	GlobalSection(ProjectConfigurationPlatforms) = postSolution
		{73A74ADF-6308-42A0-8BA6-2B5D53238536}.Debug|Any CPU.ActiveCfg = Debug|Any CPU
		{73A74ADF-6308-42A0-8BA6-2B5D53238536}.Debug|Any CPU.Build.0 = Debug|Any CPU
		{73A74ADF-6308-42A0-8BA6-2B5D53238536}.Release|Any CPU.ActiveCfg = Release|Any CPU
		{73A74ADF-6308-42A0-8BA6-2B5D53238536}.Release|Any CPU.Build.0 = Release|Any CPU
		{73A74ADF-6308-42A0-8BA6-2B5D53238537}.Debug|Any CPU.ActiveCfg = Debug|Any CPU
		{73A74ADF-6308-42A0-8BA6-2B5D53238537}.Debug|Any CPU.Build.0 = Debug|Any CPU
		{73A74ADF-6308-42A0-8BA6-2B5D53238537}.Release|Any CPU.ActiveCfg = Release|Any CPU
		{73A74ADF-6308-42A0-8BA6-2B5D53238537}.Release|Any CPU.Build.0 = Release|Any CPU
		{73A74ADF-6308-42A0-8BA6-2B5D53238538}.Debug|Any CPU.ActiveCfg = Debug|Any CPU
		{73A74ADF-6308-42A0-8BA6-2B5D53238538}.Debug|Any CPU.Build.0 = Debug|Any CPU
		{73A74ADF-6308-42A0-8BA6-2B5D53238538}.Release|Any CPU.ActiveCfg = Release|Any CPU
		{73A74ADF-6308-42A0-8BA6-2B5D53238538}.Release|Any CPU.Build.0 = Release|Any CPU
		{73A74ADF-6308-42A0-8BA6-2B5D53238539}.Debug|Any CPU.ActiveCfg = Debug|Any CPU
		{73A74ADF-6308-42A0-8BA6-2B5D53238539}.Debug|Any CPU.Build.0 = Debug|Any CPU
		{73A74ADF-6308-42A0-8BA6-2B5D53238539}.Release|Any CPU.ActiveCfg = Release|Any CPU
		{73A74ADF-6308-42A0-8BA6-2B5D53238539}.Release|Any CPU.Build.0 = Release|Any CPU

		{73A74ADF-6308-42A0-8BA6-2B5D53238546}.Debug|Any CPU.ActiveCfg = Debug|Any CPU
		{73A74ADF-6308-42A0-8BA6-2B5D53238546}.Debug|Any CPU.Build.0 = Debug|Any CPU
		{73A74ADF-6308-42A0-8BA6-2B5D53238546}.Release|Any CPU.ActiveCfg = Release|Any CPU
		{73A74ADF-6308-42A0-8BA6-2B5D53238546}.Release|Any CPU.Build.0 = Release|Any CPU
		{73A74ADF-6308-42A0-8BA6-2B5D53238547}.Debug|Any CPU.ActiveCfg = Debug|Any CPU
		{73A74ADF-6308-42A0-8BA6-2B5D53238547}.Debug|Any CPU.Build.0 = Debug|Any CPU
		{73A74ADF-6308-42A0-8BA6-2B5D53238547}.Release|Any CPU.ActiveCfg = Release|Any CPU
		{73A74ADF-6308-42A0-8BA6-2B5D53238547}.Release|Any CPU.Build.0 = Release|Any CPU
		{73A74ADF-6308-42A0-8BA6-2B5D53238548}.Debug|Any CPU.ActiveCfg = Debug|Any CPU
		{73A74ADF-6308-42A0-8BA6-2B5D53238548}.Debug|Any CPU.Build.0 = Debug|Any CPU
		{73A74ADF-6308-42A0-8BA6-2B5D53238548}.Release|Any CPU.ActiveCfg = Release|Any CPU
		{73A74ADF-6308-42A0-8BA6-2B5D53238548}.Release|Any CPU.Build.0 = Release|Any CPU
		{73A74ADF-6308-42A0-8BA6-2B5D53238549}.Debug|Any CPU.ActiveCfg = Debug|Any CPU
		{73A74ADF-6308-42A0-8BA6-2B5D53238549}.Debug|Any CPU.Build.0 = Debug|Any CPU
		{73A74ADF-6308-42A0-8BA6-2B5D53238549}.Release|Any CPU.ActiveCfg = Release|Any CPU
		{73A74ADF-6308-42A0-8BA6-2B5D53238549}.Release|Any CPU.Build.0 = Release|Any CPU
	EndGlobalSection
	GlobalSection(SolutionProperties) = preSolution
		HideSolutionNode = FALSE
	EndGlobalSection
EndGlobal
