
Microsoft Visual Studio Solution File, Format Version 11.00
# Visual Studio 2010
Project("{FAE04EC0-301F-11D3-BF4B-00C04F79EFBC}") = "Location", "Location\Location.csproj", "{452D0F4A-6B79-41B9-86E7-E157B5C94103}"
EndProject
Global
	GlobalSection(SolutionConfigurationPlatforms) = preSolution
		Debug|Any CPU = Debug|Any CPU
		Release|Any CPU = Release|Any CPU
	EndGlobalSection
	GlobalSection(ProjectConfigurationPlatforms) = postSolution
		{452D0F4A-6B79-41B9-86E7-E157B5C94103}.Debug|Any CPU.ActiveCfg = Debug|Any CPU
		{452D0F4A-6B79-41B9-86E7-E157B5C94103}.Debug|Any CPU.Build.0 = Debug|Any CPU
		{452D0F4A-6B79-41B9-86E7-E157B5C94103}.Release|Any CPU.ActiveCfg = Release|Any CPU
		{452D0F4A-6B79-41B9-86E7-E157B5C94103}.Release|Any CPU.Build.0 = Release|Any CPU
	EndGlobalSection
	GlobalSection(MonoDevelopProperties) = preSolution
		StartupItem = Location\Location.csproj
	EndGlobalSection
EndGlobal
