
Microsoft Visual Studio Solution File, Format Version 12.00
# Visual Studio 2012
Project("{FAE04EC0-301F-11D3-BF4B-00C04F79EFBC}") = "Geofencing", "Geofencing\Geofencing.csproj", "{F96E3F70-E9C6-46A9-ADBE-7C480248A1BF}"
EndProject
Project("{FAE04EC0-301F-11D3-BF4B-00C04F79EFBC}") = "Wearable", "Wearable\Wearable.csproj", "{5A470F1E-95E1-4C18-B343-5B36B59C2FE2}"
EndProject
Global
	GlobalSection(SolutionConfigurationPlatforms) = preSolution
		Debug|Any CPU = Debug|Any CPU
		Release|Any CPU = Release|Any CPU
	EndGlobalSection
	GlobalSection(ProjectConfigurationPlatforms) = postSolution
		{5A470F1E-95E1-4C18-B343-5B36B59C2FE2}.Debug|Any CPU.ActiveCfg = Debug|Any CPU
		{5A470F1E-95E1-4C18-B343-5B36B59C2FE2}.Debug|Any CPU.Build.0 = Debug|Any CPU
		{5A470F1E-95E1-4C18-B343-5B36B59C2FE2}.Release|Any CPU.ActiveCfg = Release|Any CPU
		{5A470F1E-95E1-4C18-B343-5B36B59C2FE2}.Release|Any CPU.Build.0 = Release|Any CPU
		{F96E3F70-E9C6-46A9-ADBE-7C480248A1BF}.Debug|Any CPU.ActiveCfg = Debug|Any CPU
		{F96E3F70-E9C6-46A9-ADBE-7C480248A1BF}.Debug|Any CPU.Build.0 = Debug|Any CPU
		{F96E3F70-E9C6-46A9-ADBE-7C480248A1BF}.Release|Any CPU.ActiveCfg = Release|Any CPU
		{F96E3F70-E9C6-46A9-ADBE-7C480248A1BF}.Release|Any CPU.Build.0 = Release|Any CPU
	EndGlobalSection
	GlobalSection(MonoDevelopProperties) = preSolution
		StartupItem = Geofencing\Geofencing.csproj
	EndGlobalSection
EndGlobal
