
Microsoft Visual Studio Solution File, Format Version 11.00
# Visual Studio 2010
Project("{FAE04EC0-301F-11D3-BF4B-00C04F79EFBC}") = "SanAngeles", "SanAngeles_NDK\SanAngeles.csproj", "{6B72DBC6-0817-457B-AF1A-C66140F6D4F8}"
EndProject
Global
	GlobalSection(SolutionConfigurationPlatforms) = preSolution
		Debug|Any CPU = Debug|Any CPU
		Release|Any CPU = Release|Any CPU
	EndGlobalSection
	GlobalSection(ProjectConfigurationPlatforms) = postSolution
		{6B72DBC6-0817-457B-AF1A-C66140F6D4F8}.Debug|Any CPU.ActiveCfg = Debug|Any CPU
		{6B72DBC6-0817-457B-AF1A-C66140F6D4F8}.Debug|Any CPU.Build.0 = Debug|Any CPU
		{6B72DBC6-0817-457B-AF1A-C66140F6D4F8}.Release|Any CPU.ActiveCfg = Release|Any CPU
		{6B72DBC6-0817-457B-AF1A-C66140F6D4F8}.Release|Any CPU.Build.0 = Release|Any CPU
	EndGlobalSection
	GlobalSection(MonoDevelopProperties) = preSolution
		StartupItem = SanAngeles_NDK\SanAngeles.csproj
	EndGlobalSection
EndGlobal
