
Microsoft Visual Studio Solution File, Format Version 11.00
# Visual Studio 2010
Project("{FAE04EC0-301F-11D3-BF4B-00C04F79EFBC}") = "NineOldAndroids", "NineOldAndroids\NineOldAndroids.csproj", "{7DCB7916-F250-447D-8EE2-3468D02BC759}"
EndProject
Project("{FAE04EC0-301F-11D3-BF4B-00C04F79EFBC}") = "NineOldAndroidsTest", "NineOldAndroidsTest\NineOldAndroidsTest.csproj", "{A2A547CA-A3B3-4245-8F09-724DD28F0EA7}"
EndProject
Global
	GlobalSection(SolutionConfigurationPlatforms) = preSolution
		Debug|Any CPU = Debug|Any CPU
		Release|Any CPU = Release|Any CPU
	EndGlobalSection
	GlobalSection(ProjectConfigurationPlatforms) = postSolution
		{7DCB7916-F250-447D-8EE2-3468D02BC759}.Debug|Any CPU.ActiveCfg = Debug|Any CPU
		{7DCB7916-F250-447D-8EE2-3468D02BC759}.Debug|Any CPU.Build.0 = Debug|Any CPU
		{7DCB7916-F250-447D-8EE2-3468D02BC759}.Release|Any CPU.ActiveCfg = Release|Any CPU
		{7DCB7916-F250-447D-8EE2-3468D02BC759}.Release|Any CPU.Build.0 = Release|Any CPU
		{A2A547CA-A3B3-4245-8F09-724DD28F0EA7}.Debug|Any CPU.ActiveCfg = Debug|Any CPU
		{A2A547CA-A3B3-4245-8F09-724DD28F0EA7}.Debug|Any CPU.Build.0 = Debug|Any CPU
		{A2A547CA-A3B3-4245-8F09-724DD28F0EA7}.Release|Any CPU.ActiveCfg = Release|Any CPU
		{A2A547CA-A3B3-4245-8F09-724DD28F0EA7}.Release|Any CPU.Build.0 = Release|Any CPU
	EndGlobalSection
	GlobalSection(MonoDevelopProperties) = preSolution
		StartupItem = NineOldAndroidsTest\NineOldAndroidsTest.csproj
	EndGlobalSection
EndGlobal
