
Microsoft Visual Studio Solution File, Format Version 11.00
# Visual Studio 2010
Project("{FAE04EC0-301F-11D3-BF4B-00C04F79EFBC}") = "AndroidBeamDemo", "AndroidBeamDemo\AndroidBeamDemo.csproj", "{6533DEA6-C73A-4789-85B5-65E21BD0C77E}"
EndProject
Global
	GlobalSection(SolutionConfigurationPlatforms) = preSolution
		Debug|Any CPU = Debug|Any CPU
		Release|Any CPU = Release|Any CPU
	EndGlobalSection
	GlobalSection(ProjectConfigurationPlatforms) = postSolution
		{6533DEA6-C73A-4789-85B5-65E21BD0C77E}.Debug|Any CPU.ActiveCfg = Debug|Any CPU
		{6533DEA6-C73A-4789-85B5-65E21BD0C77E}.Debug|Any CPU.Build.0 = Debug|Any CPU
		{6533DEA6-C73A-4789-85B5-65E21BD0C77E}.Debug|Any CPU.Deploy.0 = Debug|Any CPU
		{6533DEA6-C73A-4789-85B5-65E21BD0C77E}.Release|Any CPU.ActiveCfg = Release|Any CPU
		{6533DEA6-C73A-4789-85B5-65E21BD0C77E}.Release|Any CPU.Build.0 = Release|Any CPU
		{6533DEA6-C73A-4789-85B5-65E21BD0C77E}.Release|Any CPU.Deploy.0 = Release|Any CPU
	EndGlobalSection
	GlobalSection(SolutionProperties) = preSolution
		HideSolutionNode = FALSE
	EndGlobalSection
	GlobalSection(MonoDevelopProperties) = preSolution
		StartupItem = AndroidBeamDemo\AndroidBeamDemo.csproj
	EndGlobalSection
EndGlobal
